// !$*UTF8*$!
{
	archiveVersion = 1;
	classes = {
	};
	objectVersion = 77;
	objects = {

/* Begin PBXBuildFile section */
		023DD41747CDC71643CFDB8F /* SettingsView.swift in Sources */ = {isa = PBXBuildFile; fileRef = D01195020D34743F50D83026 /* SettingsView.swift */; };
		02B42240718BDC39BD0B03CE /* PulseWatchWatchWidgetExtension.appex in Embed Foundation Extensions */ = {isa = PBXBuildFile; fileRef = A8C2F4BB3B5BDF9120AD5EB0 /* PulseWatchWatchWidgetExtension.appex */; settings = {ATTRIBUTES = (RemoveHeadersOnCopy, ); }; };
		05E9751BFB4F8D8924D1BCF3 /* TrainingPlanView.swift in Sources */ = {isa = PBXBuildFile; fileRef = 6EBB0A83EEF4206DAC83C1C3 /* TrainingPlanView.swift */; };
		0769AFDD1513AF8D8357A85F /* DemoDataProvider.swift in Sources */ = {isa = PBXBuildFile; fileRef = 3F5B090F59F8EDC17549FEC2 /* DemoDataProvider.swift */; };
		0A32C25CCAE11724202F6D11 /* PulseWatchApp.swift in Sources */ = {isa = PBXBuildFile; fileRef = B474F2A2028207A9CFDBEE34 /* PulseWatchApp.swift */; };
		0E8D6FE5A1403570A7E7A9B6 /* HealthAnalyzer.swift in Sources */ = {isa = PBXBuildFile; fileRef = 749A187F075B3040BC72947E /* HealthAnalyzer.swift */; };
		12558EC881A90A97E59B9616 /* PulseTheme.swift in Sources */ = {isa = PBXBuildFile; fileRef = 8334C65FC6CA06682ADE69B9 /* PulseTheme.swift */; };
		1A362FF701FC28DED6BAAD03 /* PulseTheme.swift in Sources */ = {isa = PBXBuildFile; fileRef = 8334C65FC6CA06682ADE69B9 /* PulseTheme.swift */; };
		1DE819677D7560B8BE803CAB /* WorkoutSessionManager.swift in Sources */ = {isa = PBXBuildFile; fileRef = 844153431AA98297C50BE5BC /* WorkoutSessionManager.swift */; };
		20EE6FE11BFCE1F03B9058E8 /* Assets.xcassets in Resources */ = {isa = PBXBuildFile; fileRef = C8221E5917BA08F7EF820B5A /* Assets.xcassets */; };
		214BA964157D8EAE4C312067 /* OpenClawBridge.swift in Sources */ = {isa = PBXBuildFile; fileRef = 2BD1EDEE975D246E28C222AE /* OpenClawBridge.swift */; };
		23BD6B2C92134B184081934C /* HealthKitService.swift in Sources */ = {isa = PBXBuildFile; fileRef = E6181030B012FB16DCC5EEF7 /* HealthKitService.swift */; };
		25B1A93A2171BA3FB0923D51 /* HealthSnapshot.swift in Sources */ = {isa = PBXBuildFile; fileRef = B43CF30861598DBA2C32FFCB /* HealthSnapshot.swift */; };
		2C424EF36C7A4E94C959B5D6 /* WatchConnectivityManager.swift in Sources */ = {isa = PBXBuildFile; fileRef = 7D9EF7F9A71B5B0CB3D007D8 /* WatchConnectivityManager.swift */; };
		31A491D76C596E6E0B4B6E30 /* SummaryView.swift in Sources */ = {isa = PBXBuildFile; fileRef = AC8E10979DD142ECAABA4B87 /* SummaryView.swift */; };
		36478F738E60554AC42348D9 /* MorningBriefService.swift in Sources */ = {isa = PBXBuildFile; fileRef = 04762B973BF706C0FCA20C34 /* MorningBriefService.swift */; };
		88B1F8DB6A1DB56372936B4B /* ReviewManager.swift in Sources */ = {isa = PBXBuildFile; fileRef = 2DF9EEE980EA620198941995 /* ReviewManager.swift */; };
		37074888E891812BA49B1FE3 /* KeychainHelper.swift in Sources */ = {isa = PBXBuildFile; fileRef = D78EF6591F143A435A280533 /* KeychainHelper.swift */; };
		37C0AE89CC67FAE5F629520F /* AppIconView.swift in Sources */ = {isa = PBXBuildFile; fileRef = 4DB44D514AD89CA6515F60D4 /* AppIconView.swift */; };
		3AEFD5E19F28DE9AF225F34C /* WatchConnectivityManager.swift in Sources */ = {isa = PBXBuildFile; fileRef = 7D9EF7F9A71B5B0CB3D007D8 /* WatchConnectivityManager.swift */; };
		3AF9CB80C91C1EFBF44BB697 /* WeeklyReportView.swift in Sources */ = {isa = PBXBuildFile; fileRef = 5E74FC5907036F49B32AC895 /* WeeklyReportView.swift */; };
		3BE750BEC5F4DA16CB6C6BB0 /* PulseWatchWatchApp.swift in Sources */ = {isa = PBXBuildFile; fileRef = FDBD8ABD5C19A640CEBBC99D /* PulseWatchWatchApp.swift */; };
		3E28450D7E3D6DB335653DB4 /* HistoryView.swift in Sources */ = {isa = PBXBuildFile; fileRef = 2F2AEDCA575EB20BD7D18E40 /* HistoryView.swift */; };
		440147DA10654220399E01C4 /* SwiftData.framework in Frameworks */ = {isa = PBXBuildFile; fileRef = A2B905C71E8936EB9DB9FD75 /* SwiftData.framework */; };
		45D0A502CB1409C957F97E7B /* Analytics.swift in Sources */ = {isa = PBXBuildFile; fileRef = 38391093558DC51B8526D406 /* Analytics.swift */; };
		4A6365C02853DEA90A19D208 /* ScoreEngine.swift in Sources */ = {isa = PBXBuildFile; fileRef = 8C689D7ED34748CC72C57C9D /* ScoreEngine.swift */; };
		4A88CB8CC9ADE27277ED8A92 /* ScoreEngine.swift in Sources */ = {isa = PBXBuildFile; fileRef = 8C689D7ED34748CC72C57C9D /* ScoreEngine.swift */; };
		515988C37B829EAE6F38104B /* WorkoutTrackingView.swift in Sources */ = {isa = PBXBuildFile; fileRef = FD42A291856B9B4DCE954001 /* WorkoutTrackingView.swift */; };
		527C0ED007B68F5D72EB14FA /* PulseWatchWidget.appex in Embed Foundation Extensions */ = {isa = PBXBuildFile; fileRef = 69563E71C80C1C903EAB9E81 /* PulseWatchWidget.appex */; settings = {ATTRIBUTES = (RemoveHeadersOnCopy, ); }; };
		5AF2668F1996BFA0EA981730 /* GymArrivalView.swift in Sources */ = {isa = PBXBuildFile; fileRef = 9CA6C27A8ED0F06D7371F978 /* GymArrivalView.swift */; };
		5DFB4A4238D5002DE2C96573 /* DashboardView.swift in Sources */ = {isa = PBXBuildFile; fileRef = 914F3CFFE74D89F5CAED7075 /* DashboardView.swift */; };
		60BACF24F4F514EF36D9C6AB /* StatusCard.swift in Sources */ = {isa = PBXBuildFile; fileRef = CB91463719D9CE6B82F0FEBB /* StatusCard.swift */; };
		6234C29DF50E6600563D4E0A /* HealthDataService.swift in Sources */ = {isa = PBXBuildFile; fileRef = 62B314F45ABCFD3CDEFC751D /* HealthDataService.swift */; };
		68CEAF6FBC0C50146F8C0121 /* PulseComplication.swift in Sources */ = {isa = PBXBuildFile; fileRef = 5D9CB0C64149D715BAF6C9E1 /* PulseComplication.swift */; };
		6D78E19149EBA723FFBE2C66 /* GymCoordinator.swift in Sources */ = {isa = PBXBuildFile; fileRef = 624D05567DAEB29F5F5F6D38 /* GymCoordinator.swift */; };
		6DAFBD2E3282EF5798FA9AC6 /* HealthSnapshot.swift in Sources */ = {isa = PBXBuildFile; fileRef = B43CF30861598DBA2C32FFCB /* HealthSnapshot.swift */; };
		7E8927C86DC375790CBC4B30 /* OpenClawBridge.swift in Sources */ = {isa = PBXBuildFile; fileRef = 2BD1EDEE975D246E28C222AE /* OpenClawBridge.swift */; };
		83F37F4DCF2C79966B016C4C /* GymCoordinator.swift in Sources */ = {isa = PBXBuildFile; fileRef = 624D05567DAEB29F5F5F6D38 /* GymCoordinator.swift */; };
		89D3213346978EB8C194FF49 /* PrivacyInfo.xcprivacy in Resources */ = {isa = PBXBuildFile; fileRef = 448F93975172D1B5FF12A497 /* PrivacyInfo.xcprivacy */; };
		8D5549A30D2F578A86560129 /* DailySummary.swift in Sources */ = {isa = PBXBuildFile; fileRef = D8941CCC61662258ECB2889D /* DailySummary.swift */; };
		8E8B379BFE3D5449EDBFD4DD /* PulseWatchWidget.swift in Sources */ = {isa = PBXBuildFile; fileRef = 9172671A31357A6065ECC2E7 /* PulseWatchWidget.swift */; };
		9107EB66D56CCAF8400EFAAA /* HealthRecord.swift in Sources */ = {isa = PBXBuildFile; fileRef = 423E402954856FBC1F53AFD4 /* HealthRecord.swift */; };
		954756E5B470C6E549220EEF /* DailySummary.swift in Sources */ = {isa = PBXBuildFile; fileRef = D8941CCC61662258ECB2889D /* DailySummary.swift */; };
		97964B755D121E84C1B6856F /* HealthRecord.swift in Sources */ = {isa = PBXBuildFile; fileRef = 423E402954856FBC1F53AFD4 /* HealthRecord.swift */; };
		9ABE917F706F6635F1E353EC /* TelemetryDeck in Frameworks */ = {isa = PBXBuildFile; productRef = 2F9F3B85A84BD2312D7CCAE6 /* TelemetryDeck */; };
		9BB34FF3E9D37F1FEF03FA6F /* LocationManager.swift in Sources */ = {isa = PBXBuildFile; fileRef = 1C93FB5DBBD7437C3C0479A6 /* LocationManager.swift */; };
		A1FDE0A560C4AF84E9451881 /* HomeView.swift in Sources */ = {isa = PBXBuildFile; fileRef = 7C1C0D07C1855FDE1FE7E6D5 /* HomeView.swift */; };
		A2937491C94125D6A7F56604 /* TelemetryDeck in Frameworks */ = {isa = PBXBuildFile; productRef = BDFD603A72EC31CEE1FA50F0 /* TelemetryDeck */; };
		A5598B904FD562BE33311F63 /* Analytics.swift in Sources */ = {isa = PBXBuildFile; fileRef = 38391093558DC51B8526D406 /* Analytics.swift */; };
		A6699509D400627420C6D418 /* HealthSnapshot.swift in Sources */ = {isa = PBXBuildFile; fileRef = B43CF30861598DBA2C32FFCB /* HealthSnapshot.swift */; };
		A7E8BDCD7A72838576AEAC31 /* HealthAnalyzer.swift in Sources */ = {isa = PBXBuildFile; fileRef = 749A187F075B3040BC72947E /* HealthAnalyzer.swift */; };
		A85956F0D9882C577AB59B48 /* DailySummary.swift in Sources */ = {isa = PBXBuildFile; fileRef = D8941CCC61662258ECB2889D /* DailySummary.swift */; };
		B12CC726298E718F0B1E05E6 /* LocationManager.swift in Sources */ = {isa = PBXBuildFile; fileRef = 1C93FB5DBBD7437C3C0479A6 /* LocationManager.swift */; };
		BAC6D54255750F06A13EC211 /* ShareCardView.swift in Sources */ = {isa = PBXBuildFile; fileRef = 137D4F7F2B9141C04B4C6D30 /* ShareCardView.swift */; };
		BB53B22404DE95F68119A70D /* KeychainHelper.swift in Sources */ = {isa = PBXBuildFile; fileRef = D78EF6591F143A435A280533 /* KeychainHelper.swift */; };
		BBD408C0FE46E86A1634B244 /* WatchHomeView.swift in Sources */ = {isa = PBXBuildFile; fileRef = 69357AC37E6D0E47B4931BFD /* WatchHomeView.swift */; };
		BD2DF800197AAA403C5EE3DA /* RecoveryTimelineView.swift in Sources */ = {isa = PBXBuildFile; fileRef = 363204A6CBD545ECC1DD5485 /* RecoveryTimelineView.swift */; };
		C62F57401F6206C2DC50BFEF /* HapticManager.swift in Sources */ = {isa = PBXBuildFile; fileRef = C97109479A7A9833D9887F50 /* HapticManager.swift */; };
		C82377FA21A98E19F24317E7 /* HealthDataService.swift in Sources */ = {isa = PBXBuildFile; fileRef = 62B314F45ABCFD3CDEFC751D /* HealthDataService.swift */; };
		CE20B6A05EC107EACC93B1C9 /* HealthKitService.swift in Sources */ = {isa = PBXBuildFile; fileRef = E6181030B012FB16DCC5EEF7 /* HealthKitService.swift */; };
		D749651C64A3488B31717FCB /* TrainingCalendarView.swift in Sources */ = {isa = PBXBuildFile; fileRef = C79EAA80DBA326B8681C5688 /* TrainingCalendarView.swift */; };
		D9BE37B0190918BC2AF48D2A /* PulseTheme.swift in Sources */ = {isa = PBXBuildFile; fileRef = 8334C65FC6CA06682ADE69B9 /* PulseTheme.swift */; };
		D9C69F3E427376A757BB498D /* HealthKitManager.swift in Sources */ = {isa = PBXBuildFile; fileRef = B24D4B80B8A0AE76ECAF39C6 /* HealthKitManager.swift */; };
		DE88A3060BF319B28E9B836E /* LaunchScreenView.swift in Sources */ = {isa = PBXBuildFile; fileRef = 9B8AF5335F8330E76B283777 /* LaunchScreenView.swift */; };
		DF3945F898AB21F858475D0D /* GymSearchView.swift in Sources */ = {isa = PBXBuildFile; fileRef = 0B0BDF3A5D302AEE99BC17EF /* GymSearchView.swift */; };
		E2AE16CA3B2D05EE03747012 /* WorkoutView.swift in Sources */ = {isa = PBXBuildFile; fileRef = 36ED27B3D9E0F37CE264F67B /* WorkoutView.swift */; };
		F080EB92336B15BFD06A027C /* OnboardingView.swift in Sources */ = {isa = PBXBuildFile; fileRef = 2D7EAB8DD243A4A5F0B782B0 /* OnboardingView.swift */; };
		F4B3BFD8FCB29275EBFC3C6B /* Assets.xcassets in Resources */ = {isa = PBXBuildFile; fileRef = 691CF6519E17F0083CE8A11B /* Assets.xcassets */; };
		F8177CBBA3F13228F6789DC2 /* HealthKitManager.swift in Sources */ = {isa = PBXBuildFile; fileRef = B24D4B80B8A0AE76ECAF39C6 /* HealthKitManager.swift */; };
		FA5FEC930F0EF865D6BF4BE7 /* HealthRecord.swift in Sources */ = {isa = PBXBuildFile; fileRef = 423E402954856FBC1F53AFD4 /* HealthRecord.swift */; };
		FD2CAFAC652D279BEA76F3EF /* QRScannerView.swift in Sources */ = {isa = PBXBuildFile; fileRef = BCB4D5F51FF5C4DC019D609B /* QRScannerView.swift */; };
/* End PBXBuildFile section */

/* Begin PBXContainerItemProxy section */
		68FD90D855FAA4D625002AD1 /* PBXContainerItemProxy */ = {
			isa = PBXContainerItemProxy;
			containerPortal = A8805EC5A1B79312458C27F2 /* Project object */;
			proxyType = 1;
			remoteGlobalIDString = 557B90705FD9090E6C1EC01F;
			remoteInfo = PulseWatchWatchWidgetExtension;
		};
		E933AFEC78A6F0F01F94E7CA /* PBXContainerItemProxy */ = {
			isa = PBXContainerItemProxy;
			containerPortal = A8805EC5A1B79312458C27F2 /* Project object */;
			proxyType = 1;
			remoteGlobalIDString = 81D59EA86D9FFB56DD4730F5;
			remoteInfo = PulseWatchWidget;
		};
/* End PBXContainerItemProxy section */

/* Begin PBXCopyFilesBuildPhase section */
		847419070C6E803C7F891137 /* Embed Foundation Extensions */ = {
			isa = PBXCopyFilesBuildPhase;
			buildActionMask = 2147483647;
			dstPath = "";
			dstSubfolderSpec = 13;
			files = (
				527C0ED007B68F5D72EB14FA /* PulseWatchWidget.appex in Embed Foundation Extensions */,
			);
			name = "Embed Foundation Extensions";
			runOnlyForDeploymentPostprocessing = 0;
		};
		F276FAE6A90A1CC88E3FD094 /* Embed Foundation Extensions */ = {
			isa = PBXCopyFilesBuildPhase;
			buildActionMask = 2147483647;
			dstPath = "";
			dstSubfolderSpec = 13;
			files = (
				02B42240718BDC39BD0B03CE /* PulseWatchWatchWidgetExtension.appex in Embed Foundation Extensions */,
			);
			name = "Embed Foundation Extensions";
			runOnlyForDeploymentPostprocessing = 0;
		};
/* End PBXCopyFilesBuildPhase section */

/* Begin PBXFileReference section */
		04762B973BF706C0FCA20C34 /* MorningBriefService.swift */ = {isa = PBXFileReference; lastKnownFileType = sourcecode.swift; path = MorningBriefService.swift; sourceTree = "<group>"; };
		2DF9EEE980EA620198941995 /* ReviewManager.swift */ = {isa = PBXFileReference; lastKnownFileType = sourcecode.swift; path = ReviewManager.swift; sourceTree = "<group>"; };
		0B0BDF3A5D302AEE99BC17EF /* GymSearchView.swift */ = {isa = PBXFileReference; lastKnownFileType = sourcecode.swift; path = GymSearchView.swift; sourceTree = "<group>"; };
		137D4F7F2B9141C04B4C6D30 /* ShareCardView.swift */ = {isa = PBXFileReference; lastKnownFileType = sourcecode.swift; path = ShareCardView.swift; sourceTree = "<group>"; };
		1C93FB5DBBD7437C3C0479A6 /* LocationManager.swift */ = {isa = PBXFileReference; lastKnownFileType = sourcecode.swift; path = LocationManager.swift; sourceTree = "<group>"; };
		2BD1EDEE975D246E28C222AE /* OpenClawBridge.swift */ = {isa = PBXFileReference; lastKnownFileType = sourcecode.swift; path = OpenClawBridge.swift; sourceTree = "<group>"; };
		2D7EAB8DD243A4A5F0B782B0 /* OnboardingView.swift */ = {isa = PBXFileReference; lastKnownFileType = sourcecode.swift; path = OnboardingView.swift; sourceTree = "<group>"; };
		2F2AEDCA575EB20BD7D18E40 /* HistoryView.swift */ = {isa = PBXFileReference; lastKnownFileType = sourcecode.swift; path = HistoryView.swift; sourceTree = "<group>"; };
		363204A6CBD545ECC1DD5485 /* RecoveryTimelineView.swift */ = {isa = PBXFileReference; lastKnownFileType = sourcecode.swift; path = RecoveryTimelineView.swift; sourceTree = "<group>"; };
		36ED27B3D9E0F37CE264F67B /* WorkoutView.swift */ = {isa = PBXFileReference; lastKnownFileType = sourcecode.swift; path = WorkoutView.swift; sourceTree = "<group>"; };
		38391093558DC51B8526D406 /* Analytics.swift */ = {isa = PBXFileReference; lastKnownFileType = sourcecode.swift; path = Analytics.swift; sourceTree = "<group>"; };
		3F5B090F59F8EDC17549FEC2 /* DemoDataProvider.swift */ = {isa = PBXFileReference; lastKnownFileType = sourcecode.swift; path = DemoDataProvider.swift; sourceTree = "<group>"; };
		423E402954856FBC1F53AFD4 /* HealthRecord.swift */ = {isa = PBXFileReference; lastKnownFileType = sourcecode.swift; path = HealthRecord.swift; sourceTree = "<group>"; };
		448F93975172D1B5FF12A497 /* PrivacyInfo.xcprivacy */ = {isa = PBXFileReference; path = PrivacyInfo.xcprivacy; sourceTree = "<group>"; };
		4DB44D514AD89CA6515F60D4 /* AppIconView.swift */ = {isa = PBXFileReference; lastKnownFileType = sourcecode.swift; path = AppIconView.swift; sourceTree = "<group>"; };
		4F5CFB6551FD356A50B2063A /* PulseWatchWatchWidgetExtension.entitlements */ = {isa = PBXFileReference; lastKnownFileType = text.plist.entitlements; path = PulseWatchWatchWidgetExtension.entitlements; sourceTree = "<group>"; };
		580338BE678C02AF8FB4EB37 /* Info.plist */ = {isa = PBXFileReference; lastKnownFileType = text.plist; path = Info.plist; sourceTree = "<group>"; };
		5D9CB0C64149D715BAF6C9E1 /* PulseComplication.swift */ = {isa = PBXFileReference; lastKnownFileType = sourcecode.swift; path = PulseComplication.swift; sourceTree = "<group>"; };
		5E74FC5907036F49B32AC895 /* WeeklyReportView.swift */ = {isa = PBXFileReference; lastKnownFileType = sourcecode.swift; path = WeeklyReportView.swift; sourceTree = "<group>"; };
		624D05567DAEB29F5F5F6D38 /* GymCoordinator.swift */ = {isa = PBXFileReference; lastKnownFileType = sourcecode.swift; path = GymCoordinator.swift; sourceTree = "<group>"; };
		62B314F45ABCFD3CDEFC751D /* HealthDataService.swift */ = {isa = PBXFileReference; lastKnownFileType = sourcecode.swift; path = HealthDataService.swift; sourceTree = "<group>"; };
		64763C9451392C9DE2C0D7C1 /* Info.plist */ = {isa = PBXFileReference; lastKnownFileType = text.plist; path = Info.plist; sourceTree = "<group>"; };
		691CF6519E17F0083CE8A11B /* Assets.xcassets */ = {isa = PBXFileReference; lastKnownFileType = folder.assetcatalog; path = Assets.xcassets; sourceTree = "<group>"; };
		69357AC37E6D0E47B4931BFD /* WatchHomeView.swift */ = {isa = PBXFileReference; lastKnownFileType = sourcecode.swift; path = WatchHomeView.swift; sourceTree = "<group>"; };
		69563E71C80C1C903EAB9E81 /* PulseWatchWidget.appex */ = {isa = PBXFileReference; includeInIndex = 0; lastKnownFileType = "wrapper.app-extension"; path = PulseWatchWidget.appex; sourceTree = BUILT_PRODUCTS_DIR; };
		6EBB0A83EEF4206DAC83C1C3 /* TrainingPlanView.swift */ = {isa = PBXFileReference; lastKnownFileType = sourcecode.swift; path = TrainingPlanView.swift; sourceTree = "<group>"; };
		749A187F075B3040BC72947E /* HealthAnalyzer.swift */ = {isa = PBXFileReference; lastKnownFileType = sourcecode.swift; path = HealthAnalyzer.swift; sourceTree = "<group>"; };
		7C1C0D07C1855FDE1FE7E6D5 /* HomeView.swift */ = {isa = PBXFileReference; lastKnownFileType = sourcecode.swift; path = HomeView.swift; sourceTree = "<group>"; };
		7D9EF7F9A71B5B0CB3D007D8 /* WatchConnectivityManager.swift */ = {isa = PBXFileReference; lastKnownFileType = sourcecode.swift; path = WatchConnectivityManager.swift; sourceTree = "<group>"; };
		7DE41B5DD16B2F31475F9460 /* PulseWatchWatch.app */ = {isa = PBXFileReference; explicitFileType = wrapper.application; includeInIndex = 0; path = PulseWatchWatch.app; sourceTree = BUILT_PRODUCTS_DIR; };
		8334C65FC6CA06682ADE69B9 /* PulseTheme.swift */ = {isa = PBXFileReference; lastKnownFileType = sourcecode.swift; path = PulseTheme.swift; sourceTree = "<group>"; };
		844153431AA98297C50BE5BC /* WorkoutSessionManager.swift */ = {isa = PBXFileReference; lastKnownFileType = sourcecode.swift; path = WorkoutSessionManager.swift; sourceTree = "<group>"; };
		85D6B65839C9820E62C6141A /* PulseWatch.app */ = {isa = PBXFileReference; includeInIndex = 0; lastKnownFileType = wrapper.application; path = PulseWatch.app; sourceTree = BUILT_PRODUCTS_DIR; };
		8C689D7ED34748CC72C57C9D /* ScoreEngine.swift */ = {isa = PBXFileReference; lastKnownFileType = sourcecode.swift; path = ScoreEngine.swift; sourceTree = "<group>"; };
		8C6B3FC12444C96A17FB56F8 /* PulseWatchWatch.entitlements */ = {isa = PBXFileReference; lastKnownFileType = text.plist.entitlements; path = PulseWatchWatch.entitlements; sourceTree = "<group>"; };
		914F3CFFE74D89F5CAED7075 /* DashboardView.swift */ = {isa = PBXFileReference; lastKnownFileType = sourcecode.swift; path = DashboardView.swift; sourceTree = "<group>"; };
		9172671A31357A6065ECC2E7 /* PulseWatchWidget.swift */ = {isa = PBXFileReference; lastKnownFileType = sourcecode.swift; path = PulseWatchWidget.swift; sourceTree = "<group>"; };
		9B8AF5335F8330E76B283777 /* LaunchScreenView.swift */ = {isa = PBXFileReference; lastKnownFileType = sourcecode.swift; path = LaunchScreenView.swift; sourceTree = "<group>"; };
		9CA6C27A8ED0F06D7371F978 /* GymArrivalView.swift */ = {isa = PBXFileReference; lastKnownFileType = sourcecode.swift; path = GymArrivalView.swift; sourceTree = "<group>"; };
		9CE9A1CF188E7C75BDEB5EE1 /* PulseWatch.entitlements */ = {isa = PBXFileReference; lastKnownFileType = text.plist.entitlements; path = PulseWatch.entitlements; sourceTree = "<group>"; };
		A2B905C71E8936EB9DB9FD75 /* SwiftData.framework */ = {isa = PBXFileReference; lastKnownFileType = wrapper.framework; path = SwiftData.framework; sourceTree = "<group>"; };
		A60A489C55FC834EA5A89444 /* Info.plist */ = {isa = PBXFileReference; lastKnownFileType = text.plist; path = Info.plist; sourceTree = "<group>"; };
		A8C2F4BB3B5BDF9120AD5EB0 /* PulseWatchWatchWidgetExtension.appex */ = {isa = PBXFileReference; explicitFileType = "wrapper.app-extension"; includeInIndex = 0; path = PulseWatchWatchWidgetExtension.appex; sourceTree = BUILT_PRODUCTS_DIR; };
		AC8E10979DD142ECAABA4B87 /* SummaryView.swift */ = {isa = PBXFileReference; lastKnownFileType = sourcecode.swift; path = SummaryView.swift; sourceTree = "<group>"; };
		B24D4B80B8A0AE76ECAF39C6 /* HealthKitManager.swift */ = {isa = PBXFileReference; lastKnownFileType = sourcecode.swift; path = HealthKitManager.swift; sourceTree = "<group>"; };
		B43CF30861598DBA2C32FFCB /* HealthSnapshot.swift */ = {isa = PBXFileReference; lastKnownFileType = sourcecode.swift; path = HealthSnapshot.swift; sourceTree = "<group>"; };
		B474F2A2028207A9CFDBEE34 /* PulseWatchApp.swift */ = {isa = PBXFileReference; lastKnownFileType = sourcecode.swift; path = PulseWatchApp.swift; sourceTree = "<group>"; };
		BCB4D5F51FF5C4DC019D609B /* QRScannerView.swift */ = {isa = PBXFileReference; lastKnownFileType = sourcecode.swift; path = QRScannerView.swift; sourceTree = "<group>"; };
		C79EAA80DBA326B8681C5688 /* TrainingCalendarView.swift */ = {isa = PBXFileReference; lastKnownFileType = sourcecode.swift; path = TrainingCalendarView.swift; sourceTree = "<group>"; };
		C8221E5917BA08F7EF820B5A /* Assets.xcassets */ = {isa = PBXFileReference; lastKnownFileType = folder.assetcatalog; path = Assets.xcassets; sourceTree = "<group>"; };
		C97109479A7A9833D9887F50 /* HapticManager.swift */ = {isa = PBXFileReference; lastKnownFileType = sourcecode.swift; path = HapticManager.swift; sourceTree = "<group>"; };
		CB91463719D9CE6B82F0FEBB /* StatusCard.swift */ = {isa = PBXFileReference; lastKnownFileType = sourcecode.swift; path = StatusCard.swift; sourceTree = "<group>"; };
		CD95A9E97EC1B3355056FD4B /* PulseWatchWidget.entitlements */ = {isa = PBXFileReference; lastKnownFileType = text.plist.entitlements; path = PulseWatchWidget.entitlements; sourceTree = "<group>"; };
		D01195020D34743F50D83026 /* SettingsView.swift */ = {isa = PBXFileReference; lastKnownFileType = sourcecode.swift; path = SettingsView.swift; sourceTree = "<group>"; };
		D0586343BF113608113C25B9 /* Info.plist */ = {isa = PBXFileReference; lastKnownFileType = text.plist; path = Info.plist; sourceTree = "<group>"; };
		D78EF6591F143A435A280533 /* KeychainHelper.swift */ = {isa = PBXFileReference; lastKnownFileType = sourcecode.swift; path = KeychainHelper.swift; sourceTree = "<group>"; };
		D8941CCC61662258ECB2889D /* DailySummary.swift */ = {isa = PBXFileReference; lastKnownFileType = sourcecode.swift; path = DailySummary.swift; sourceTree = "<group>"; };
		E6181030B012FB16DCC5EEF7 /* HealthKitService.swift */ = {isa = PBXFileReference; lastKnownFileType = sourcecode.swift; path = HealthKitService.swift; sourceTree = "<group>"; };
		FD42A291856B9B4DCE954001 /* WorkoutTrackingView.swift */ = {isa = PBXFileReference; lastKnownFileType = sourcecode.swift; path = WorkoutTrackingView.swift; sourceTree = "<group>"; };
		FDBD8ABD5C19A640CEBBC99D /* PulseWatchWatchApp.swift */ = {isa = PBXFileReference; lastKnownFileType = sourcecode.swift; path = PulseWatchWatchApp.swift; sourceTree = "<group>"; };
/* End PBXFileReference section */

/* Begin PBXFrameworksBuildPhase section */
		49DC161C4B4CE5CF2E85933C /* Frameworks */ = {
			isa = PBXFrameworksBuildPhase;
			buildActionMask = 2147483647;
			files = (
				9ABE917F706F6635F1E353EC /* TelemetryDeck in Frameworks */,
			);
			runOnlyForDeploymentPostprocessing = 0;
		};
		C70CEA86E4CCE162EA73B6B3 /* Frameworks */ = {
			isa = PBXFrameworksBuildPhase;
			buildActionMask = 2147483647;
			files = (
				A2937491C94125D6A7F56604 /* TelemetryDeck in Frameworks */,
			);
			runOnlyForDeploymentPostprocessing = 0;
		};
		D78F183E475D215DBCBE4E7E /* Frameworks */ = {
			isa = PBXFrameworksBuildPhase;
			buildActionMask = 2147483647;
			files = (
				440147DA10654220399E01C4 /* SwiftData.framework in Frameworks */,
			);
			runOnlyForDeploymentPostprocessing = 0;
		};
/* End PBXFrameworksBuildPhase section */

/* Begin PBXGroup section */
		022766105D806C978671E65D /* Frameworks */ = {
			isa = PBXGroup;
			children = (
				A2B905C71E8936EB9DB9FD75 /* SwiftData.framework */,
			);
			name = Frameworks;
			sourceTree = "<group>";
		};
		041CCDE03DE697130B91048B /* Services */ = {
			isa = PBXGroup;
			children = (
				04762B973BF706C0FCA20C34 /* MorningBriefService.swift */,
				2DF9EEE980EA620198941995 /* ReviewManager.swift */,
			);
			path = Services;
			sourceTree = "<group>";
		};
		217D51ED74A1570AFD9EEAAB /* PulseWatchWidget */ = {
			isa = PBXGroup;
			children = (
				64763C9451392C9DE2C0D7C1 /* Info.plist */,
				CD95A9E97EC1B3355056FD4B /* PulseWatchWidget.entitlements */,
				9172671A31357A6065ECC2E7 /* PulseWatchWidget.swift */,
			);
			path = PulseWatchWidget;
			sourceTree = "<group>";
		};
		3B5FB9B30DAAC2255BA13DE1 /* Services */ = {
			isa = PBXGroup;
			children = (
				38391093558DC51B8526D406 /* Analytics.swift */,
				624D05567DAEB29F5F5F6D38 /* GymCoordinator.swift */,
				749A187F075B3040BC72947E /* HealthAnalyzer.swift */,
				62B314F45ABCFD3CDEFC751D /* HealthDataService.swift */,
				B24D4B80B8A0AE76ECAF39C6 /* HealthKitManager.swift */,
				E6181030B012FB16DCC5EEF7 /* HealthKitService.swift */,
				D78EF6591F143A435A280533 /* KeychainHelper.swift */,
				1C93FB5DBBD7437C3C0479A6 /* LocationManager.swift */,
				2BD1EDEE975D246E28C222AE /* OpenClawBridge.swift */,
				8C689D7ED34748CC72C57C9D /* ScoreEngine.swift */,
				7D9EF7F9A71B5B0CB3D007D8 /* WatchConnectivityManager.swift */,
			);
			path = Services;
			sourceTree = "<group>";
		};
		3FAC72F2A637DF557201C300 /* Complications */ = {
			isa = PBXGroup;
			children = (
				A60A489C55FC834EA5A89444 /* Info.plist */,
				5D9CB0C64149D715BAF6C9E1 /* PulseComplication.swift */,
				4F5CFB6551FD356A50B2063A /* PulseWatchWatchWidgetExtension.entitlements */,
			);
			path = Complications;
			sourceTree = "<group>";
		};
		49ED658B5A0F2AEA389F6D01 = {
			isa = PBXGroup;
			children = (
				579E86C8DE4D6CD6B905F0BC /* PulseWatch */,
				60BF84187D6C7A1E9F9FD93E /* PulseWatchWatch */,
				217D51ED74A1570AFD9EEAAB /* PulseWatchWidget */,
				76A8E5F346162D40AACF48B7 /* Shared */,
				022766105D806C978671E65D /* Frameworks */,
				7F2B1726F4BD273D0042E707 /* Products */,
			);
			sourceTree = "<group>";
		};
		579E86C8DE4D6CD6B905F0BC /* PulseWatch */ = {
			isa = PBXGroup;
			children = (
				D11A29C3BC90988F007799A5 /* App */,
				041CCDE03DE697130B91048B /* Services */,
				72A0E4DF5C4D646CB62568EC /* Views */,
				691CF6519E17F0083CE8A11B /* Assets.xcassets */,
			);
			path = PulseWatch;
			sourceTree = "<group>";
		};
		59E2FB1F40109C1453DE3D0E /* Views */ = {
			isa = PBXGroup;
			children = (
				9CA6C27A8ED0F06D7371F978 /* GymArrivalView.swift */,
				AC8E10979DD142ECAABA4B87 /* SummaryView.swift */,
				6EBB0A83EEF4206DAC83C1C3 /* TrainingPlanView.swift */,
				69357AC37E6D0E47B4931BFD /* WatchHomeView.swift */,
				FD42A291856B9B4DCE954001 /* WorkoutTrackingView.swift */,
			);
			path = Views;
			sourceTree = "<group>";
		};
		60BF84187D6C7A1E9F9FD93E /* PulseWatchWatch */ = {
			isa = PBXGroup;
			children = (
				BA63AB52880714DBE0ADCA42 /* App */,
				3FAC72F2A637DF557201C300 /* Complications */,
				9D17F7B156EC5D6CBF5B5B28 /* Services */,
				59E2FB1F40109C1453DE3D0E /* Views */,
				C8221E5917BA08F7EF820B5A /* Assets.xcassets */,
			);
			path = PulseWatchWatch;
			sourceTree = "<group>";
		};
		72A0E4DF5C4D646CB62568EC /* Views */ = {
			isa = PBXGroup;
			children = (
				9BC303B20AC41203DEF4EDA0 /* Components */,
				9B74290BD76A83B42A188400 /* Screens */,
			);
			path = Views;
			sourceTree = "<group>";
		};
		76A8E5F346162D40AACF48B7 /* Shared */ = {
			isa = PBXGroup;
			children = (
				D335DE95265C806D23967662 /* Models */,
				3B5FB9B30DAAC2255BA13DE1 /* Services */,
				CEA5DD2EF9A849ADFCF16994 /* Theme */,
			);
			path = Shared;
			sourceTree = "<group>";
		};
		7F2B1726F4BD273D0042E707 /* Products */ = {
			isa = PBXGroup;
			children = (
				85D6B65839C9820E62C6141A /* PulseWatch.app */,
				7DE41B5DD16B2F31475F9460 /* PulseWatchWatch.app */,
				A8C2F4BB3B5BDF9120AD5EB0 /* PulseWatchWatchWidgetExtension.appex */,
				69563E71C80C1C903EAB9E81 /* PulseWatchWidget.appex */,
			);
			name = Products;
			sourceTree = "<group>";
		};
		9B74290BD76A83B42A188400 /* Screens */ = {
			isa = PBXGroup;
			children = (
				914F3CFFE74D89F5CAED7075 /* DashboardView.swift */,
				3F5B090F59F8EDC17549FEC2 /* DemoDataProvider.swift */,
				2F2AEDCA575EB20BD7D18E40 /* HistoryView.swift */,
				7C1C0D07C1855FDE1FE7E6D5 /* HomeView.swift */,
				2D7EAB8DD243A4A5F0B782B0 /* OnboardingView.swift */,
				D01195020D34743F50D83026 /* SettingsView.swift */,
				C79EAA80DBA326B8681C5688 /* TrainingCalendarView.swift */,
				5E74FC5907036F49B32AC895 /* WeeklyReportView.swift */,
				36ED27B3D9E0F37CE264F67B /* WorkoutView.swift */,
			);
			path = Screens;
			sourceTree = "<group>";
		};
		9BC303B20AC41203DEF4EDA0 /* Components */ = {
			isa = PBXGroup;
			children = (
				4DB44D514AD89CA6515F60D4 /* AppIconView.swift */,
				0B0BDF3A5D302AEE99BC17EF /* GymSearchView.swift */,
				9B8AF5335F8330E76B283777 /* LaunchScreenView.swift */,
				BCB4D5F51FF5C4DC019D609B /* QRScannerView.swift */,
				363204A6CBD545ECC1DD5485 /* RecoveryTimelineView.swift */,
				137D4F7F2B9141C04B4C6D30 /* ShareCardView.swift */,
				CB91463719D9CE6B82F0FEBB /* StatusCard.swift */,
			);
			path = Components;
			sourceTree = "<group>";
		};
		9D17F7B156EC5D6CBF5B5B28 /* Services */ = {
			isa = PBXGroup;
			children = (
				C97109479A7A9833D9887F50 /* HapticManager.swift */,
				844153431AA98297C50BE5BC /* WorkoutSessionManager.swift */,
			);
			path = Services;
			sourceTree = "<group>";
		};
		BA63AB52880714DBE0ADCA42 /* App */ = {
			isa = PBXGroup;
			children = (
				580338BE678C02AF8FB4EB37 /* Info.plist */,
				8C6B3FC12444C96A17FB56F8 /* PulseWatchWatch.entitlements */,
				FDBD8ABD5C19A640CEBBC99D /* PulseWatchWatchApp.swift */,
			);
			path = App;
			sourceTree = "<group>";
		};
		CEA5DD2EF9A849ADFCF16994 /* Theme */ = {
			isa = PBXGroup;
			children = (
				8334C65FC6CA06682ADE69B9 /* PulseTheme.swift */,
			);
			path = Theme;
			sourceTree = "<group>";
		};
		D11A29C3BC90988F007799A5 /* App */ = {
			isa = PBXGroup;
			children = (
				D0586343BF113608113C25B9 /* Info.plist */,
				448F93975172D1B5FF12A497 /* PrivacyInfo.xcprivacy */,
				9CE9A1CF188E7C75BDEB5EE1 /* PulseWatch.entitlements */,
				B474F2A2028207A9CFDBEE34 /* PulseWatchApp.swift */,
			);
			path = App;
			sourceTree = "<group>";
		};
		D335DE95265C806D23967662 /* Models */ = {
			isa = PBXGroup;
			children = (
				D8941CCC61662258ECB2889D /* DailySummary.swift */,
				423E402954856FBC1F53AFD4 /* HealthRecord.swift */,
				B43CF30861598DBA2C32FFCB /* HealthSnapshot.swift */,
			);
			path = Models;
			sourceTree = "<group>";
		};
/* End PBXGroup section */

/* Begin PBXNativeTarget section */
		557B90705FD9090E6C1EC01F /* PulseWatchWatchWidgetExtension */ = {
			isa = PBXNativeTarget;
			buildConfigurationList = 82ED1D5EC8BBD6D9B501D43F /* Build configuration list for PBXNativeTarget "PulseWatchWatchWidgetExtension" */;
			buildPhases = (
				1A395D82F79A5AB2FFB5E036 /* Sources */,
				D78F183E475D215DBCBE4E7E /* Frameworks */,
			);
			buildRules = (
			);
			dependencies = (
			);
			name = PulseWatchWatchWidgetExtension;
			packageProductDependencies = (
			);
			productName = PulseWatchWatchWidgetExtension;
			productReference = A8C2F4BB3B5BDF9120AD5EB0 /* PulseWatchWatchWidgetExtension.appex */;
			productType = "com.apple.product-type.app-extension";
		};
		81D59EA86D9FFB56DD4730F5 /* PulseWatchWidget */ = {
			isa = PBXNativeTarget;
			buildConfigurationList = 773863CCBC124F14F671F3C0 /* Build configuration list for PBXNativeTarget "PulseWatchWidget" */;
			buildPhases = (
				3A0B244FBEFBDE3E2A276285 /* Sources */,
			);
			buildRules = (
			);
			dependencies = (
			);
			name = PulseWatchWidget;
			packageProductDependencies = (
			);
			productName = PulseWatchWidget;
			productReference = 69563E71C80C1C903EAB9E81 /* PulseWatchWidget.appex */;
			productType = "com.apple.product-type.app-extension";
		};
		A6A266E3296B3D9A32491DBC /* PulseWatch */ = {
			isa = PBXNativeTarget;
			buildConfigurationList = 2FD069D127979157C27EAD0D /* Build configuration list for PBXNativeTarget "PulseWatch" */;
			buildPhases = (
				8D970E33F4CFC98C03DE083D /* Sources */,
				F0115157B0F63A1A5E24462C /* Resources */,
				C70CEA86E4CCE162EA73B6B3 /* Frameworks */,
				847419070C6E803C7F891137 /* Embed Foundation Extensions */,
			);
			buildRules = (
			);
			dependencies = (
				0AF1136CE72D90DCFB4C6F68 /* PBXTargetDependency */,
			);
			name = PulseWatch;
			packageProductDependencies = (
				BDFD603A72EC31CEE1FA50F0 /* TelemetryDeck */,
			);
			productName = PulseWatch;
			productReference = 85D6B65839C9820E62C6141A /* PulseWatch.app */;
			productType = "com.apple.product-type.application";
		};
		A98E91D70BBAE5EDEFC24D33 /* PulseWatchWatch */ = {
			isa = PBXNativeTarget;
			buildConfigurationList = 3143869FDBA38598995681C6 /* Build configuration list for PBXNativeTarget "PulseWatchWatch" */;
			buildPhases = (
				38A12F58DE43C1EB87234BA4 /* Sources */,
				C47138F1026987E7EA9A3EC3 /* Resources */,
				49DC161C4B4CE5CF2E85933C /* Frameworks */,
				F276FAE6A90A1CC88E3FD094 /* Embed Foundation Extensions */,
			);
			buildRules = (
			);
			dependencies = (
				7279B3E08272E97D8A3BC972 /* PBXTargetDependency */,
			);
			name = PulseWatchWatch;
			packageProductDependencies = (
				2F9F3B85A84BD2312D7CCAE6 /* TelemetryDeck */,
			);
			productName = PulseWatchWatch;
			productReference = 7DE41B5DD16B2F31475F9460 /* PulseWatchWatch.app */;
			productType = "com.apple.product-type.application";
		};
/* End PBXNativeTarget section */

/* Begin PBXProject section */
		A8805EC5A1B79312458C27F2 /* Project object */ = {
			isa = PBXProject;
			attributes = {
				BuildIndependentTargetsInParallel = YES;
				LastUpgradeCheck = 1600;
				TargetAttributes = {
					557B90705FD9090E6C1EC01F = {
						DevelopmentTeam = WRH82M8L9U;
						ProvisioningStyle = Automatic;
					};
					81D59EA86D9FFB56DD4730F5 = {
						DevelopmentTeam = WRH82M8L9U;
						ProvisioningStyle = Automatic;
					};
					A6A266E3296B3D9A32491DBC = {
						DevelopmentTeam = WRH82M8L9U;
						ProvisioningStyle = Automatic;
					};
					A98E91D70BBAE5EDEFC24D33 = {
						DevelopmentTeam = WRH82M8L9U;
						ProvisioningStyle = Automatic;
					};
				};
			};
			buildConfigurationList = 638C6D3662979EA449E17533 /* Build configuration list for PBXProject "PulseWatch" */;
			developmentRegion = en;
			hasScannedForEncodings = 0;
			knownRegions = (
				Base,
				en,
			);
			mainGroup = 49ED658B5A0F2AEA389F6D01;
			minimizedProjectReferenceProxies = 1;
			packageReferences = (
				B9CC0511D2CB99D1F79CE730 /* XCRemoteSwiftPackageReference "SwiftSDK" */,
			);
			preferredProjectObjectVersion = 77;
			productRefGroup = 7F2B1726F4BD273D0042E707 /* Products */;
			projectDirPath = "";
			projectRoot = "";
			targets = (
				A6A266E3296B3D9A32491DBC /* PulseWatch */,
				A98E91D70BBAE5EDEFC24D33 /* PulseWatchWatch */,
				557B90705FD9090E6C1EC01F /* PulseWatchWatchWidgetExtension */,
				81D59EA86D9FFB56DD4730F5 /* PulseWatchWidget */,
			);
		};
/* End PBXProject section */

/* Begin PBXResourcesBuildPhase section */
		C47138F1026987E7EA9A3EC3 /* Resources */ = {
			isa = PBXResourcesBuildPhase;
			buildActionMask = 2147483647;
			files = (
				20EE6FE11BFCE1F03B9058E8 /* Assets.xcassets in Resources */,
			);
			runOnlyForDeploymentPostprocessing = 0;
		};
		F0115157B0F63A1A5E24462C /* Resources */ = {
			isa = PBXResourcesBuildPhase;
			buildActionMask = 2147483647;
			files = (
				F4B3BFD8FCB29275EBFC3C6B /* Assets.xcassets in Resources */,
				89D3213346978EB8C194FF49 /* PrivacyInfo.xcprivacy in Resources */,
			);
			runOnlyForDeploymentPostprocessing = 0;
		};
/* End PBXResourcesBuildPhase section */

/* Begin PBXSourcesBuildPhase section */
		1A395D82F79A5AB2FFB5E036 /* Sources */ = {
			isa = PBXSourcesBuildPhase;
			buildActionMask = 2147483647;
			files = (
				954756E5B470C6E549220EEF /* DailySummary.swift in Sources */,
				9107EB66D56CCAF8400EFAAA /* HealthRecord.swift in Sources */,
				A6699509D400627420C6D418 /* HealthSnapshot.swift in Sources */,
				68CEAF6FBC0C50146F8C0121 /* PulseComplication.swift in Sources */,
				1A362FF701FC28DED6BAAD03 /* PulseTheme.swift in Sources */,
			);
			runOnlyForDeploymentPostprocessing = 0;
		};
		38A12F58DE43C1EB87234BA4 /* Sources */ = {
			isa = PBXSourcesBuildPhase;
			buildActionMask = 2147483647;
			files = (
				A5598B904FD562BE33311F63 /* Analytics.swift in Sources */,
				A85956F0D9882C577AB59B48 /* DailySummary.swift in Sources */,
				5AF2668F1996BFA0EA981730 /* GymArrivalView.swift in Sources */,
				83F37F4DCF2C79966B016C4C /* GymCoordinator.swift in Sources */,
				C62F57401F6206C2DC50BFEF /* HapticManager.swift in Sources */,
				0E8D6FE5A1403570A7E7A9B6 /* HealthAnalyzer.swift in Sources */,
				6234C29DF50E6600563D4E0A /* HealthDataService.swift in Sources */,
				F8177CBBA3F13228F6789DC2 /* HealthKitManager.swift in Sources */,
				23BD6B2C92134B184081934C /* HealthKitService.swift in Sources */,
				97964B755D121E84C1B6856F /* HealthRecord.swift in Sources */,
				6DAFBD2E3282EF5798FA9AC6 /* HealthSnapshot.swift in Sources */,
				37074888E891812BA49B1FE3 /* KeychainHelper.swift in Sources */,
				9BB34FF3E9D37F1FEF03FA6F /* LocationManager.swift in Sources */,
				7E8927C86DC375790CBC4B30 /* OpenClawBridge.swift in Sources */,
				D9BE37B0190918BC2AF48D2A /* PulseTheme.swift in Sources */,
				3BE750BEC5F4DA16CB6C6BB0 /* PulseWatchWatchApp.swift in Sources */,
				4A88CB8CC9ADE27277ED8A92 /* ScoreEngine.swift in Sources */,
				31A491D76C596E6E0B4B6E30 /* SummaryView.swift in Sources */,
				05E9751BFB4F8D8924D1BCF3 /* TrainingPlanView.swift in Sources */,
				3AEFD5E19F28DE9AF225F34C /* WatchConnectivityManager.swift in Sources */,
				BBD408C0FE46E86A1634B244 /* WatchHomeView.swift in Sources */,
				1DE819677D7560B8BE803CAB /* WorkoutSessionManager.swift in Sources */,
				515988C37B829EAE6F38104B /* WorkoutTrackingView.swift in Sources */,
			);
			runOnlyForDeploymentPostprocessing = 0;
		};
		3A0B244FBEFBDE3E2A276285 /* Sources */ = {
			isa = PBXSourcesBuildPhase;
			buildActionMask = 2147483647;
			files = (
				8E8B379BFE3D5449EDBFD4DD /* PulseWatchWidget.swift in Sources */,
			);
			runOnlyForDeploymentPostprocessing = 0;
		};
		8D970E33F4CFC98C03DE083D /* Sources */ = {
			isa = PBXSourcesBuildPhase;
			buildActionMask = 2147483647;
			files = (
				45D0A502CB1409C957F97E7B /* Analytics.swift in Sources */,
				37C0AE89CC67FAE5F629520F /* AppIconView.swift in Sources */,
				8D5549A30D2F578A86560129 /* DailySummary.swift in Sources */,
				5DFB4A4238D5002DE2C96573 /* DashboardView.swift in Sources */,
				0769AFDD1513AF8D8357A85F /* DemoDataProvider.swift in Sources */,
				6D78E19149EBA723FFBE2C66 /* GymCoordinator.swift in Sources */,
				DF3945F898AB21F858475D0D /* GymSearchView.swift in Sources */,
				A7E8BDCD7A72838576AEAC31 /* HealthAnalyzer.swift in Sources */,
				C82377FA21A98E19F24317E7 /* HealthDataService.swift in Sources */,
				D9C69F3E427376A757BB498D /* HealthKitManager.swift in Sources */,
				CE20B6A05EC107EACC93B1C9 /* HealthKitService.swift in Sources */,
				FA5FEC930F0EF865D6BF4BE7 /* HealthRecord.swift in Sources */,
				25B1A93A2171BA3FB0923D51 /* HealthSnapshot.swift in Sources */,
				3E28450D7E3D6DB335653DB4 /* HistoryView.swift in Sources */,
				A1FDE0A560C4AF84E9451881 /* HomeView.swift in Sources */,
				BB53B22404DE95F68119A70D /* KeychainHelper.swift in Sources */,
				DE88A3060BF319B28E9B836E /* LaunchScreenView.swift in Sources */,
				B12CC726298E718F0B1E05E6 /* LocationManager.swift in Sources */,
				36478F738E60554AC42348D9 /* MorningBriefService.swift in Sources */,
				88B1F8DB6A1DB56372936B4B /* ReviewManager.swift in Sources */,
				F080EB92336B15BFD06A027C /* OnboardingView.swift in Sources */,
				214BA964157D8EAE4C312067 /* OpenClawBridge.swift in Sources */,
				12558EC881A90A97E59B9616 /* PulseTheme.swift in Sources */,
				0A32C25CCAE11724202F6D11 /* PulseWatchApp.swift in Sources */,
				FD2CAFAC652D279BEA76F3EF /* QRScannerView.swift in Sources */,
				BD2DF800197AAA403C5EE3DA /* RecoveryTimelineView.swift in Sources */,
				4A6365C02853DEA90A19D208 /* ScoreEngine.swift in Sources */,
				023DD41747CDC71643CFDB8F /* SettingsView.swift in Sources */,
				BAC6D54255750F06A13EC211 /* ShareCardView.swift in Sources */,
				60BACF24F4F514EF36D9C6AB /* StatusCard.swift in Sources */,
				D749651C64A3488B31717FCB /* TrainingCalendarView.swift in Sources */,
				2C424EF36C7A4E94C959B5D6 /* WatchConnectivityManager.swift in Sources */,
				3AF9CB80C91C1EFBF44BB697 /* WeeklyReportView.swift in Sources */,
				E2AE16CA3B2D05EE03747012 /* WorkoutView.swift in Sources */,
			);
			runOnlyForDeploymentPostprocessing = 0;
		};
/* End PBXSourcesBuildPhase section */

/* Begin PBXTargetDependency section */
		0AF1136CE72D90DCFB4C6F68 /* PBXTargetDependency */ = {
			isa = PBXTargetDependency;
			target = 81D59EA86D9FFB56DD4730F5 /* PulseWatchWidget */;
			targetProxy = E933AFEC78A6F0F01F94E7CA /* PBXContainerItemProxy */;
		};
		7279B3E08272E97D8A3BC972 /* PBXTargetDependency */ = {
			isa = PBXTargetDependency;
			target = 557B90705FD9090E6C1EC01F /* PulseWatchWatchWidgetExtension */;
			targetProxy = 68FD90D855FAA4D625002AD1 /* PBXContainerItemProxy */;
		};
/* End PBXTargetDependency section */

/* Begin XCBuildConfiguration section */
		1E10E69C729C24A5F6582C31 /* Debug */ = {
			isa = XCBuildConfiguration;
			buildSettings = {
				ASSETCATALOG_COMPILER_APPICON_NAME = AppIcon;
				CODE_SIGN_ENTITLEMENTS = PulseWatch/App/PulseWatch.entitlements;
				CODE_SIGN_IDENTITY = "iPhone Developer";
				INFOPLIST_FILE = PulseWatch/App/Info.plist;
				LD_RUNPATH_SEARCH_PATHS = (
					"$(inherited)",
					"@executable_path/Frameworks",
				);
				PRODUCT_BUNDLE_IDENTIFIER = com.abundra.pulse;
				SDKROOT = iphoneos;
				TARGETED_DEVICE_FAMILY = 1;
			};
			name = Debug;
		};
		7D4DA84D116DDF10EE952E0A /* Release */ = {
			isa = XCBuildConfiguration;
			buildSettings = {
				ASSETCATALOG_COMPILER_APPICON_NAME = AppIcon;
				CODE_SIGN_ENTITLEMENTS = PulseWatchWatch/App/PulseWatchWatch.entitlements;
				INFOPLIST_FILE = PulseWatchWatch/App/Info.plist;
				PRODUCT_BUNDLE_IDENTIFIER = com.abundra.pulse.watchkitapp;
				SDKROOT = watchos;
				SKIP_INSTALL = YES;
				TARGETED_DEVICE_FAMILY = 4;
				WATCHOS_DEPLOYMENT_TARGET = 10.0;
			};
			name = Release;
		};
		9DDC7FE625360FB5E5BEBA3D /* Debug */ = {
			isa = XCBuildConfiguration;
			buildSettings = {
				CODE_SIGN_ENTITLEMENTS = PulseWatchWatch/Complications/PulseWatchWatchWidgetExtension.entitlements;
				CURRENT_PROJECT_VERSION = 1;
				FRAMEWORK_SEARCH_PATHS = (
					"$(inherited)",
					"\".\"",
				);
				INFOPLIST_FILE = PulseWatchWatch/Complications/Info.plist;
				LD_RUNPATH_SEARCH_PATHS = (
					"$(inherited)",
					"@executable_path/Frameworks",
					"@executable_path/../../Frameworks",
				);
				MARKETING_VERSION = 1.0.0;
				PRODUCT_BUNDLE_IDENTIFIER = com.abundra.pulse.watchkitapp.widget;
				SDKROOT = watchos;
				SKIP_INSTALL = YES;
				TARGETED_DEVICE_FAMILY = 4;
				WATCHOS_DEPLOYMENT_TARGET = 10.0;
			};
			name = Debug;
		};
		A23E5AAFF27E735D549F1F28 /* Release */ = {
			isa = XCBuildConfiguration;
			buildSettings = {
				ASSETCATALOG_COMPILER_APPICON_NAME = AppIcon;
				CODE_SIGN_ENTITLEMENTS = PulseWatch/App/PulseWatch.entitlements;
				CODE_SIGN_IDENTITY = "iPhone Developer";
				INFOPLIST_FILE = PulseWatch/App/Info.plist;
				LD_RUNPATH_SEARCH_PATHS = (
					"$(inherited)",
					"@executable_path/Frameworks",
				);
				PRODUCT_BUNDLE_IDENTIFIER = com.abundra.pulse;
				SDKROOT = iphoneos;
				TARGETED_DEVICE_FAMILY = 1;
			};
			name = Release;
		};
		A32A3B74E1D36FCD9A908A7C /* Release */ = {
			isa = XCBuildConfiguration;
			buildSettings = {
				CODE_SIGN_ENTITLEMENTS = PulseWatchWidget/PulseWatchWidget.entitlements;
				CURRENT_PROJECT_VERSION = 1;
				GENERATE_INFOPLIST_FILE = NO;
				INFOPLIST_FILE = PulseWatchWidget/Info.plist;
				LD_RUNPATH_SEARCH_PATHS = (
					"$(inherited)",
					"@executable_path/Frameworks",
					"@executable_path/../../Frameworks",
				);
				MARKETING_VERSION = 1.0.0;
				PRODUCT_BUNDLE_IDENTIFIER = com.abundra.pulse.widget;
				SDKROOT = iphoneos;
				TARGETED_DEVICE_FAMILY = 1;
			};
			name = Release;
		};
		B0785A04A954DE30ED0D3649 /* Release */ = {
			isa = XCBuildConfiguration;
			buildSettings = {
				ALWAYS_SEARCH_USER_PATHS = NO;
				CLANG_ANALYZER_NONNULL = YES;
				CLANG_ANALYZER_NUMBER_OBJECT_CONVERSION = YES_AGGRESSIVE;
				CLANG_CXX_LANGUAGE_STANDARD = "gnu++14";
				CLANG_CXX_LIBRARY = "libc++";
				CLANG_ENABLE_MODULES = YES;
				CLANG_ENABLE_OBJC_ARC = YES;
				CLANG_ENABLE_OBJC_WEAK = YES;
				CLANG_WARN_BLOCK_CAPTURE_AUTORELEASING = YES;
				CLANG_WARN_BOOL_CONVERSION = YES;
				CLANG_WARN_COMMA = YES;
				CLANG_WARN_CONSTANT_CONVERSION = YES;
				CLANG_WARN_DEPRECATED_OBJC_IMPLEMENTATIONS = YES;
				CLANG_WARN_DIRECT_OBJC_ISA_USAGE = YES_ERROR;
				CLANG_WARN_DOCUMENTATION_COMMENTS = YES;
				CLANG_WARN_EMPTY_BODY = YES;
				CLANG_WARN_ENUM_CONVERSION = YES;
				CLANG_WARN_INFINITE_RECURSION = YES;
				CLANG_WARN_INT_CONVERSION = YES;
				CLANG_WARN_NON_LITERAL_NULL_CONVERSION = YES;
				CLANG_WARN_OBJC_IMPLICIT_RETAIN_SELF = YES;
				CLANG_WARN_OBJC_LITERAL_CONVERSION = YES;
				CLANG_WARN_OBJC_ROOT_CLASS = YES_ERROR;
				CLANG_WARN_QUOTED_INCLUDE_IN_FRAMEWORK_HEADER = YES;
				CLANG_WARN_RANGE_LOOP_ANALYSIS = YES;
				CLANG_WARN_STRICT_PROTOTYPES = YES;
				CLANG_WARN_SUSPICIOUS_MOVE = YES;
				CLANG_WARN_UNGUARDED_AVAILABILITY = YES_AGGRESSIVE;
				CLANG_WARN_UNREACHABLE_CODE = YES;
				CLANG_WARN__DUPLICATE_METHOD_MATCH = YES;
				CODE_SIGN_STYLE = Automatic;
				COPY_PHASE_STRIP = NO;
				CURRENT_PROJECT_VERSION = 1;
				DEBUG_INFORMATION_FORMAT = "dwarf-with-dsym";
				DEVELOPMENT_TEAM = WRH82M8L9U;
				ENABLE_NS_ASSERTIONS = NO;
				ENABLE_STRICT_OBJC_MSGSEND = YES;
				GCC_C_LANGUAGE_STANDARD = gnu11;
				GCC_NO_COMMON_BLOCKS = YES;
				GCC_WARN_64_TO_32_BIT_CONVERSION = YES;
				GCC_WARN_ABOUT_RETURN_TYPE = YES_ERROR;
				GCC_WARN_UNDECLARED_SELECTOR = YES;
				GCC_WARN_UNINITIALIZED_AUTOS = YES_AGGRESSIVE;
				GCC_WARN_UNUSED_FUNCTION = YES;
				GCC_WARN_UNUSED_VARIABLE = YES;
				IPHONEOS_DEPLOYMENT_TARGET = 17.0;
				MARKETING_VERSION = 1.0.0;
				MTL_ENABLE_DEBUG_INFO = NO;
				MTL_FAST_MATH = YES;
				PRODUCT_NAME = "$(TARGET_NAME)";
				SWIFT_COMPILATION_MODE = wholemodule;
				SWIFT_OPTIMIZATION_LEVEL = "-O";
				SWIFT_VERSION = 5.9;
				WATCHOS_DEPLOYMENT_TARGET = 10.0;
			};
			name = Release;
		};
		BF43ED5FA11B1DA0BAB8F3FC /* Debug */ = {
			isa = XCBuildConfiguration;
			buildSettings = {
				ALWAYS_SEARCH_USER_PATHS = NO;
				CLANG_ANALYZER_NONNULL = YES;
				CLANG_ANALYZER_NUMBER_OBJECT_CONVERSION = YES_AGGRESSIVE;
				CLANG_CXX_LANGUAGE_STANDARD = "gnu++14";
				CLANG_CXX_LIBRARY = "libc++";
				CLANG_ENABLE_MODULES = YES;
				CLANG_ENABLE_OBJC_ARC = YES;
				CLANG_ENABLE_OBJC_WEAK = YES;
				CLANG_WARN_BLOCK_CAPTURE_AUTORELEASING = YES;
				CLANG_WARN_BOOL_CONVERSION = YES;
				CLANG_WARN_COMMA = YES;
				CLANG_WARN_CONSTANT_CONVERSION = YES;
				CLANG_WARN_DEPRECATED_OBJC_IMPLEMENTATIONS = YES;
				CLANG_WARN_DIRECT_OBJC_ISA_USAGE = YES_ERROR;
				CLANG_WARN_DOCUMENTATION_COMMENTS = YES;
				CLANG_WARN_EMPTY_BODY = YES;
				CLANG_WARN_ENUM_CONVERSION = YES;
				CLANG_WARN_INFINITE_RECURSION = YES;
				CLANG_WARN_INT_CONVERSION = YES;
				CLANG_WARN_NON_LITERAL_NULL_CONVERSION = YES;
				CLANG_WARN_OBJC_IMPLICIT_RETAIN_SELF = YES;
				CLANG_WARN_OBJC_LITERAL_CONVERSION = YES;
				CLANG_WARN_OBJC_ROOT_CLASS = YES_ERROR;
				CLANG_WARN_QUOTED_INCLUDE_IN_FRAMEWORK_HEADER = YES;
				CLANG_WARN_RANGE_LOOP_ANALYSIS = YES;
				CLANG_WARN_STRICT_PROTOTYPES = YES;
				CLANG_WARN_SUSPICIOUS_MOVE = YES;
				CLANG_WARN_UNGUARDED_AVAILABILITY = YES_AGGRESSIVE;
				CLANG_WARN_UNREACHABLE_CODE = YES;
				CLANG_WARN__DUPLICATE_METHOD_MATCH = YES;
				CODE_SIGN_STYLE = Automatic;
				COPY_PHASE_STRIP = NO;
				CURRENT_PROJECT_VERSION = 1;
				DEBUG_INFORMATION_FORMAT = dwarf;
				DEVELOPMENT_TEAM = WRH82M8L9U;
				ENABLE_STRICT_OBJC_MSGSEND = YES;
				ENABLE_TESTABILITY = YES;
				GCC_C_LANGUAGE_STANDARD = gnu11;
				GCC_DYNAMIC_NO_PIC = NO;
				GCC_NO_COMMON_BLOCKS = YES;
				GCC_OPTIMIZATION_LEVEL = 0;
				GCC_PREPROCESSOR_DEFINITIONS = (
					"$(inherited)",
					"DEBUG=1",
				);
				GCC_WARN_64_TO_32_BIT_CONVERSION = YES;
				GCC_WARN_ABOUT_RETURN_TYPE = YES_ERROR;
				GCC_WARN_UNDECLARED_SELECTOR = YES;
				GCC_WARN_UNINITIALIZED_AUTOS = YES_AGGRESSIVE;
				GCC_WARN_UNUSED_FUNCTION = YES;
				GCC_WARN_UNUSED_VARIABLE = YES;
				IPHONEOS_DEPLOYMENT_TARGET = 17.0;
				MARKETING_VERSION = 1.0.0;
				MTL_ENABLE_DEBUG_INFO = INCLUDE_SOURCE;
				MTL_FAST_MATH = YES;
				ONLY_ACTIVE_ARCH = YES;
				PRODUCT_NAME = "$(TARGET_NAME)";
				SWIFT_ACTIVE_COMPILATION_CONDITIONS = DEBUG;
				SWIFT_OPTIMIZATION_LEVEL = "-Onone";
				SWIFT_VERSION = 5.9;
				WATCHOS_DEPLOYMENT_TARGET = 10.0;
			};
			name = Debug;
		};
		DCE9EEFC00CDFFBE0B889BAE /* Debug */ = {
			isa = XCBuildConfiguration;
			buildSettings = {
				ASSETCATALOG_COMPILER_APPICON_NAME = AppIcon;
				CODE_SIGN_ENTITLEMENTS = PulseWatchWatch/App/PulseWatchWatch.entitlements;
				INFOPLIST_FILE = PulseWatchWatch/App/Info.plist;
				PRODUCT_BUNDLE_IDENTIFIER = com.abundra.pulse.watchkitapp;
				SDKROOT = watchos;
				SKIP_INSTALL = YES;
				TARGETED_DEVICE_FAMILY = 4;
				WATCHOS_DEPLOYMENT_TARGET = 10.0;
			};
			name = Debug;
		};
		F03C54B92DD43A4B6B426030 /* Debug */ = {
			isa = XCBuildConfiguration;
			buildSettings = {
				CODE_SIGN_ENTITLEMENTS = PulseWatchWidget/PulseWatchWidget.entitlements;
				CURRENT_PROJECT_VERSION = 1;
				GENERATE_INFOPLIST_FILE = NO;
				INFOPLIST_FILE = PulseWatchWidget/Info.plist;
				LD_RUNPATH_SEARCH_PATHS = (
					"$(inherited)",
					"@executable_path/Frameworks",
					"@executable_path/../../Frameworks",
				);
				MARKETING_VERSION = 1.0.0;
				PRODUCT_BUNDLE_IDENTIFIER = com.abundra.pulse.widget;
				SDKROOT = iphoneos;
				TARGETED_DEVICE_FAMILY = 1;
			};
			name = Debug;
		};
		FE75222A5DF296F2AE5277FF /* Release */ = {
			isa = XCBuildConfiguration;
			buildSettings = {
				CODE_SIGN_ENTITLEMENTS = PulseWatchWatch/Complications/PulseWatchWatchWidgetExtension.entitlements;
				CURRENT_PROJECT_VERSION = 1;
				FRAMEWORK_SEARCH_PATHS = (
					"$(inherited)",
					"\".\"",
				);
				INFOPLIST_FILE = PulseWatchWatch/Complications/Info.plist;
				LD_RUNPATH_SEARCH_PATHS = (
					"$(inherited)",
					"@executable_path/Frameworks",
					"@executable_path/../../Frameworks",
				);
				MARKETING_VERSION = 1.0.0;
				PRODUCT_BUNDLE_IDENTIFIER = com.abundra.pulse.watchkitapp.widget;
				SDKROOT = watchos;
				SKIP_INSTALL = YES;
				TARGETED_DEVICE_FAMILY = 4;
				WATCHOS_DEPLOYMENT_TARGET = 10.0;
			};
			name = Release;
		};
/* End XCBuildConfiguration section */

/* Begin XCConfigurationList section */
		2FD069D127979157C27EAD0D /* Build configuration list for PBXNativeTarget "PulseWatch" */ = {
			isa = XCConfigurationList;
			buildConfigurations = (
				1E10E69C729C24A5F6582C31 /* Debug */,
				A23E5AAFF27E735D549F1F28 /* Release */,
			);
			defaultConfigurationIsVisible = 0;
			defaultConfigurationName = Debug;
		};
		3143869FDBA38598995681C6 /* Build configuration list for PBXNativeTarget "PulseWatchWatch" */ = {
			isa = XCConfigurationList;
			buildConfigurations = (
				DCE9EEFC00CDFFBE0B889BAE /* Debug */,
				7D4DA84D116DDF10EE952E0A /* Release */,
			);
			defaultConfigurationIsVisible = 0;
			defaultConfigurationName = Debug;
		};
		638C6D3662979EA449E17533 /* Build configuration list for PBXProject "PulseWatch" */ = {
			isa = XCConfigurationList;
			buildConfigurations = (
				BF43ED5FA11B1DA0BAB8F3FC /* Debug */,
				B0785A04A954DE30ED0D3649 /* Release */,
			);
			defaultConfigurationIsVisible = 0;
			defaultConfigurationName = Debug;
		};
		773863CCBC124F14F671F3C0 /* Build configuration list for PBXNativeTarget "PulseWatchWidget" */ = {
			isa = XCConfigurationList;
			buildConfigurations = (
				F03C54B92DD43A4B6B426030 /* Debug */,
				A32A3B74E1D36FCD9A908A7C /* Release */,
			);
			defaultConfigurationIsVisible = 0;
			defaultConfigurationName = Debug;
		};
		82ED1D5EC8BBD6D9B501D43F /* Build configuration list for PBXNativeTarget "PulseWatchWatchWidgetExtension" */ = {
			isa = XCConfigurationList;
			buildConfigurations = (
				9DDC7FE625360FB5E5BEBA3D /* Debug */,
				FE75222A5DF296F2AE5277FF /* Release */,
			);
			defaultConfigurationIsVisible = 0;
			defaultConfigurationName = Debug;
		};
/* End XCConfigurationList section */

/* Begin XCRemoteSwiftPackageReference section */
		B9CC0511D2CB99D1F79CE730 /* XCRemoteSwiftPackageReference "SwiftSDK" */ = {
			isa = XCRemoteSwiftPackageReference;
			repositoryURL = "https://github.com/TelemetryDeck/SwiftSDK";
			requirement = {
				kind = upToNextMajorVersion;
				minimumVersion = 2.0.0;
			};
		};
/* End XCRemoteSwiftPackageReference section */

/* Begin XCSwiftPackageProductDependency section */
		2F9F3B85A84BD2312D7CCAE6 /* TelemetryDeck */ = {
			isa = XCSwiftPackageProductDependency;
			package = B9CC0511D2CB99D1F79CE730 /* XCRemoteSwiftPackageReference "SwiftSDK" */;
			productName = TelemetryDeck;
		};
		BDFD603A72EC31CEE1FA50F0 /* TelemetryDeck */ = {
			isa = XCSwiftPackageProductDependency;
			package = B9CC0511D2CB99D1F79CE730 /* XCRemoteSwiftPackageReference "SwiftSDK" */;
			productName = TelemetryDeck;
		};
/* End XCSwiftPackageProductDependency section */
	};
	rootObject = A8805EC5A1B79312458C27F2 /* Project object */;
}
