// !$*UTF8*$!
{
	archiveVersion = 1;
	classes = {
	};
	objectVersion = 77;
	objects = {

/* Begin PBXBuildFile section */
		002A230E4A7CD0D02D998554 /* SafeMath.swift in Sources */ = {isa = PBXBuildFile; fileRef = 13D6422811DDD5FD84679A5F /* SafeMath.swift */; };
		023DD41747CDC71643CFDB8F /* SettingsView.swift in Sources */ = {isa = PBXBuildFile; fileRef = D01195020D34743F50D83026 /* SettingsView.swift */; };
		02B42240718BDC39BD0B03CE /* PulseWatchWatchWidgetExtension.appex in Embed Foundation Extensions */ = {isa = PBXBuildFile; fileRef = A8C2F4BB3B5BDF9120AD5EB0 /* PulseWatchWatchWidgetExtension.appex */; settings = {ATTRIBUTES = (RemoveHeadersOnCopy, ); }; };
		02E94068995C4273F5D887B4 /* TriScoreService.swift in Sources */ = {isa = PBXBuildFile; fileRef = 780C0673407B4C145A0C117E /* TriScoreService.swift */; };
		05E9751BFB4F8D8924D1BCF3 /* TrainingPlanView.swift in Sources */ = {isa = PBXBuildFile; fileRef = 6EBB0A83EEF4206DAC83C1C3 /* TrainingPlanView.swift */; };
		071977C65D11E18F97054103 /* PulseThemeTests.swift in Sources */ = {isa = PBXBuildFile; fileRef = 40CF488F3812F04028B08EB9 /* PulseThemeTests.swift */; };
		0769AFDD1513AF8D8357A85F /* DemoDataProvider.swift in Sources */ = {isa = PBXBuildFile; fileRef = 3F5B090F59F8EDC17549FEC2 /* DemoDataProvider.swift */; };
		087F74414D9671457E295B9D /* TrainingChallenge.swift in Sources */ = {isa = PBXBuildFile; fileRef = E79C5E19C502841AE015CE69 /* TrainingChallenge.swift */; };
		0A32C25CCAE11724202F6D11 /* PulseWatchApp.swift in Sources */ = {isa = PBXBuildFile; fileRef = B474F2A2028207A9CFDBEE34 /* PulseWatchApp.swift */; };
		0E8D6FE5A1403570A7E7A9B6 /* HealthAnalyzer.swift in Sources */ = {isa = PBXBuildFile; fileRef = 749A187F075B3040BC72947E /* HealthAnalyzer.swift */; };
		0FE5F3019B0E17687B33BF9A /* StrengthView.swift in Sources */ = {isa = PBXBuildFile; fileRef = 2B14DBC2277915D1A11FA68B /* StrengthView.swift */; };
		12558EC881A90A97E59B9616 /* PulseTheme.swift in Sources */ = {isa = PBXBuildFile; fileRef = 8334C65FC6CA06682ADE69B9 /* PulseTheme.swift */; };
		16C5EDE82DE8C8BDFC34F23A /* VitalsGrid.swift in Sources */ = {isa = PBXBuildFile; fileRef = DAF228A88E3AB4AF5B33FA5A /* VitalsGrid.swift */; };
		177D23E79D6117F893D05EA3 /* HealthGoal.swift in Sources */ = {isa = PBXBuildFile; fileRef = 30E77AC54718B417240F877A /* HealthGoal.swift */; };
		1A362FF701FC28DED6BAAD03 /* PulseTheme.swift in Sources */ = {isa = PBXBuildFile; fileRef = 8334C65FC6CA06682ADE69B9 /* PulseTheme.swift */; };
		1C28CB221593681FC95B253A /* StressDetailView.swift in Sources */ = {isa = PBXBuildFile; fileRef = 4B2419844320303B3DCDD6FC /* StressDetailView.swift */; };
		1C8BD31947E7BB68B5F027D7 /* TrainingChallenge.swift in Sources */ = {isa = PBXBuildFile; fileRef = E79C5E19C502841AE015CE69 /* TrainingChallenge.swift */; };
		1CF62B133898CA7A89AB5D59 /* CorrelationInsightsView.swift in Sources */ = {isa = PBXBuildFile; fileRef = 9AE2A8E6681A7BC87032CD47 /* CorrelationInsightsView.swift */; };
		1DE819677D7560B8BE803CAB /* WorkoutSessionManager.swift in Sources */ = {isa = PBXBuildFile; fileRef = 844153431AA98297C50BE5BC /* WorkoutSessionManager.swift */; };
		20EE6FE11BFCE1F03B9058E8 /* Assets.xcassets in Resources */ = {isa = PBXBuildFile; fileRef = C8221E5917BA08F7EF820B5A /* Assets.xcassets */; };
		214BA964157D8EAE4C312067 /* OpenClawBridge.swift in Sources */ = {isa = PBXBuildFile; fileRef = 2BD1EDEE975D246E28C222AE /* OpenClawBridge.swift */; };
		23BD6B2C92134B184081934C /* HealthKitService.swift in Sources */ = {isa = PBXBuildFile; fileRef = E6181030B012FB16DCC5EEF7 /* HealthKitService.swift */; };
		256911B925C491837780D5DB /* InfoPlist.xcstrings in Resources */ = {isa = PBXBuildFile; fileRef = 0C521170390A021DB84BD702 /* InfoPlist.xcstrings */; };
		259E64C9E56EF0868AC03373 /* MuscleGroup.swift in Sources */ = {isa = PBXBuildFile; fileRef = 35B21D1F6B84CCCC36D620B5 /* MuscleGroup.swift */; };
		25B1A93A2171BA3FB0923D51 /* HealthSnapshot.swift in Sources */ = {isa = PBXBuildFile; fileRef = B43CF30861598DBA2C32FFCB /* HealthSnapshot.swift */; };
		2B125AE3AA46C8FC38AED82B /* HealthGoal.swift in Sources */ = {isa = PBXBuildFile; fileRef = 30E77AC54718B417240F877A /* HealthGoal.swift */; };
		2B8A928762A7B3451CF9E945 /* MonthlyReportView.swift in Sources */ = {isa = PBXBuildFile; fileRef = 00B709B15D0947FB66FCD29C /* MonthlyReportView.swift */; };
		2C424EF36C7A4E94C959B5D6 /* WatchConnectivityManager.swift in Sources */ = {isa = PBXBuildFile; fileRef = 7D9EF7F9A71B5B0CB3D007D8 /* WatchConnectivityManager.swift */; };
		2D484B63CFD0BF676FC8A8C2 /* WorkoutShareScreen.swift in Sources */ = {isa = PBXBuildFile; fileRef = 9B6300CB232E8B273FA41B61 /* WorkoutShareScreen.swift */; };
		2EA155F461D9926359291A30 /* HealthSnapshotShareCard.swift in Sources */ = {isa = PBXBuildFile; fileRef = 7862909C858BE840DA19BBF3 /* HealthSnapshotShareCard.swift */; };
		309621033D5F191424F9DBF1 /* WeeklyTrendChartsView.swift in Sources */ = {isa = PBXBuildFile; fileRef = 7AABD9FC7852F24503F7C8EB /* WeeklyTrendChartsView.swift */; };
		31991C37A467B5DDCAAA6B4D /* WorkoutHistoryService.swift in Sources */ = {isa = PBXBuildFile; fileRef = 6823C145E8FB8D24A8C8EE8A /* WorkoutHistoryService.swift */; };
		31A491D76C596E6E0B4B6E30 /* SummaryView.swift in Sources */ = {isa = PBXBuildFile; fileRef = AC8E10979DD142ECAABA4B87 /* SummaryView.swift */; };
		36478F738E60554AC42348D9 /* MorningBriefService.swift in Sources */ = {isa = PBXBuildFile; fileRef = 04762B973BF706C0FCA20C34 /* MorningBriefService.swift */; };
		37074888E891812BA49B1FE3 /* KeychainHelper.swift in Sources */ = {isa = PBXBuildFile; fileRef = D78EF6591F143A435A280533 /* KeychainHelper.swift */; };
		37C0AE89CC67FAE5F629520F /* AppIconView.swift in Sources */ = {isa = PBXBuildFile; fileRef = 4DB44D514AD89CA6515F60D4 /* AppIconView.swift */; };
		390F844169E6817AB575AA5C /* ModelTests.swift in Sources */ = {isa = PBXBuildFile; fileRef = 91480FF269F1740441081004 /* ModelTests.swift */; };
		3AEFD5E19F28DE9AF225F34C /* WatchConnectivityManager.swift in Sources */ = {isa = PBXBuildFile; fileRef = 7D9EF7F9A71B5B0CB3D007D8 /* WatchConnectivityManager.swift */; };
		3AF9CB80C91C1EFBF44BB697 /* WeeklyReportView.swift in Sources */ = {isa = PBXBuildFile; fileRef = 5E74FC5907036F49B32AC895 /* WeeklyReportView.swift */; };
		3BE750BEC5F4DA16CB6C6BB0 /* PulseWatchWatchApp.swift in Sources */ = {isa = PBXBuildFile; fileRef = FDBD8ABD5C19A640CEBBC99D /* PulseWatchWatchApp.swift */; };
		3E28450D7E3D6DB335653DB4 /* HistoryView.swift in Sources */ = {isa = PBXBuildFile; fileRef = 2F2AEDCA575EB20BD7D18E40 /* HistoryView.swift */; };
		3F23FDF2BD4EB70180A79F67 /* StrengthRecord.swift in Sources */ = {isa = PBXBuildFile; fileRef = 3507BAE41D478283507E23E6 /* StrengthRecord.swift */; };
		40233695BE785984209BA032 /* ActivityDetailView.swift in Sources */ = {isa = PBXBuildFile; fileRef = 96E5DBE85D44616D2F49A293 /* ActivityDetailView.swift */; };
		4156359969B97CA85ADC0D70 /* ScoreEngineTests.swift in Sources */ = {isa = PBXBuildFile; fileRef = C52036385195E652CEA839BC /* ScoreEngineTests.swift */; };
		437B493CF2BD8E9061F00051 /* PDFReportService.swift in Sources */ = {isa = PBXBuildFile; fileRef = A85E8CBFECA24C0FC480A2DF /* PDFReportService.swift */; };
		440147DA10654220399E01C4 /* SwiftData.framework in Frameworks */ = {isa = PBXBuildFile; fileRef = A2B905C71E8936EB9DB9FD75 /* SwiftData.framework */; };
		45D0A502CB1409C957F97E7B /* Analytics.swift in Sources */ = {isa = PBXBuildFile; fileRef = 38391093558DC51B8526D406 /* Analytics.swift */; };
		49010290BAE8E3A0F4125DCE /* HeartRateAlertEvent.swift in Sources */ = {isa = PBXBuildFile; fileRef = BD8B6019519203660BBDE071 /* HeartRateAlertEvent.swift */; };
		498127E8B00AEB853D9D0313 /* WorkoutHistoryDetailView.swift in Sources */ = {isa = PBXBuildFile; fileRef = 318D4E52322D0508EEC75361 /* WorkoutHistoryDetailView.swift */; };
		4A6365C02853DEA90A19D208 /* ScoreEngine.swift in Sources */ = {isa = PBXBuildFile; fileRef = 8C689D7ED34748CC72C57C9D /* ScoreEngine.swift */; };
		4A88CB8CC9ADE27277ED8A92 /* ScoreEngine.swift in Sources */ = {isa = PBXBuildFile; fileRef = 8C689D7ED34748CC72C57C9D /* ScoreEngine.swift */; };
		4DCE1C39532A5832858E381C /* ReadinessSparkline.swift in Sources */ = {isa = PBXBuildFile; fileRef = D0603FF2A61E99D82B443535 /* ReadinessSparkline.swift */; };
		515988C37B829EAE6F38104B /* WorkoutTrackingView.swift in Sources */ = {isa = PBXBuildFile; fileRef = FD42A291856B9B4DCE954001 /* WorkoutTrackingView.swift */; };
		527C0ED007B68F5D72EB14FA /* PulseWatchWidget.appex in Embed Foundation Extensions */ = {isa = PBXBuildFile; fileRef = 69563E71C80C1C903EAB9E81 /* PulseWatchWidget.appex */; settings = {ATTRIBUTES = (RemoveHeadersOnCopy, ); }; };
		54A8592294B61933B0B714CA /* InteractiveChartOverlay.swift in Sources */ = {isa = PBXBuildFile; fileRef = 69127DAF601919E92EB120F6 /* InteractiveChartOverlay.swift */; };
		555399B97FDE6333FA131C65 /* CoachModeView.swift in Sources */ = {isa = PBXBuildFile; fileRef = 34F1E9C96201B84457E2D65A /* CoachModeView.swift */; };
		58DC0E4B5DB4AEFAC8A50CAB /* GoalProgressCard.swift in Sources */ = {isa = PBXBuildFile; fileRef = 235512B3D31E2D0BC98BB07D /* GoalProgressCard.swift */; };
		5AF2668F1996BFA0EA981730 /* GymArrivalView.swift in Sources */ = {isa = PBXBuildFile; fileRef = 9CA6C27A8ED0F06D7371F978 /* GymArrivalView.swift */; };
		5B3EDFD9A3B2B3F9163A5C70 /* DataExportService.swift in Sources */ = {isa = PBXBuildFile; fileRef = E5FB0885FD11CEE3AFFABF82 /* DataExportService.swift */; };
		5DFB4A4238D5002DE2C96573 /* DashboardView.swift in Sources */ = {isa = PBXBuildFile; fileRef = 914F3CFFE74D89F5CAED7075 /* DashboardView.swift */; };
		5E2D1D244F309858E542176A /* MuscleGroup.swift in Sources */ = {isa = PBXBuildFile; fileRef = 35B21D1F6B84CCCC36D620B5 /* MuscleGroup.swift */; };
		60BACF24F4F514EF36D9C6AB /* StatusCard.swift in Sources */ = {isa = PBXBuildFile; fileRef = CB91463719D9CE6B82F0FEBB /* StatusCard.swift */; };
		618BF1DDFDE515DBC9A5BC87 /* HeartRateAlertService.swift in Sources */ = {isa = PBXBuildFile; fileRef = 989010913FA5279748CF31C6 /* HeartRateAlertService.swift */; };
		6234C29DF50E6600563D4E0A /* HealthDataService.swift in Sources */ = {isa = PBXBuildFile; fileRef = 62B314F45ABCFD3CDEFC751D /* HealthDataService.swift */; };
		68CEAF6FBC0C50146F8C0121 /* PulseComplication.swift in Sources */ = {isa = PBXBuildFile; fileRef = 5D9CB0C64149D715BAF6C9E1 /* PulseComplication.swift */; };
		6D78E19149EBA723FFBE2C66 /* GymCoordinator.swift in Sources */ = {isa = PBXBuildFile; fileRef = 624D05567DAEB29F5F5F6D38 /* GymCoordinator.swift */; };
		6DAFBD2E3282EF5798FA9AC6 /* HealthSnapshot.swift in Sources */ = {isa = PBXBuildFile; fileRef = B43CF30861598DBA2C32FFCB /* HealthSnapshot.swift */; };
		70C148C93D3F6A174302641C /* PDFReportService.swift in Sources */ = {isa = PBXBuildFile; fileRef = A85E8CBFECA24C0FC480A2DF /* PDFReportService.swift */; };
		70E336723187F6425DC9A7AC /* HRVDetailView.swift in Sources */ = {isa = PBXBuildFile; fileRef = B38170A1368D4C4402DEF435 /* HRVDetailView.swift */; };
		738D6BA4643363F6E54A5146 /* DataExportService.swift in Sources */ = {isa = PBXBuildFile; fileRef = E5FB0885FD11CEE3AFFABF82 /* DataExportService.swift */; };
		768575509E830D69A51F6CAF /* StrengthRecord.swift in Sources */ = {isa = PBXBuildFile; fileRef = 3507BAE41D478283507E23E6 /* StrengthRecord.swift */; };
		78C81F66F78D630A6E6326FF /* CaloriesDetailView.swift in Sources */ = {isa = PBXBuildFile; fileRef = D6BBF3968BD1F9038B30E966 /* CaloriesDetailView.swift */; };
		7A86D904A3C0EA6697564ADF /* GoalSettingView.swift in Sources */ = {isa = PBXBuildFile; fileRef = E1E737675E66C7AD0AE97900 /* GoalSettingView.swift */; };
		7D2109E93BF9196387C1E451 /* StepsDetailView.swift in Sources */ = {isa = PBXBuildFile; fileRef = 802CE9EB0608CE8AC43655FB /* StepsDetailView.swift */; };
		7E8927C86DC375790CBC4B30 /* OpenClawBridge.swift in Sources */ = {isa = PBXBuildFile; fileRef = 2BD1EDEE975D246E28C222AE /* OpenClawBridge.swift */; };
		83F37F4DCF2C79966B016C4C /* GymCoordinator.swift in Sources */ = {isa = PBXBuildFile; fileRef = 624D05567DAEB29F5F5F6D38 /* GymCoordinator.swift */; };
		89C526FBDA02E0052CB7F0FD /* MuscleGroup.swift in Sources */ = {isa = PBXBuildFile; fileRef = 35B21D1F6B84CCCC36D620B5 /* MuscleGroup.swift */; };
		89D3213346978EB8C194FF49 /* PrivacyInfo.xcprivacy in Resources */ = {isa = PBXBuildFile; fileRef = 448F93975172D1B5FF12A497 /* PrivacyInfo.xcprivacy */; };
		8A8B8DB4BAE78126B5E8F9AA /* StrengthService.swift in Sources */ = {isa = PBXBuildFile; fileRef = 15DB4FA914834B517B356A14 /* StrengthService.swift */; };
		8C49D8E8ACE235B552FBAB23 /* TrainingChallenge.swift in Sources */ = {isa = PBXBuildFile; fileRef = E79C5E19C502841AE015CE69 /* TrainingChallenge.swift */; };
		8D5549A30D2F578A86560129 /* DailySummary.swift in Sources */ = {isa = PBXBuildFile; fileRef = D8941CCC61662258ECB2889D /* DailySummary.swift */; };
		8D75AAE7500A698E8594A5AC /* WorkoutHistoryEntry.swift in Sources */ = {isa = PBXBuildFile; fileRef = 1D8C1678E009592879DFAACC /* WorkoutHistoryEntry.swift */; };
		8E8B379BFE3D5449EDBFD4DD /* PulseWatchWidget.swift in Sources */ = {isa = PBXBuildFile; fileRef = 9172671A31357A6065ECC2E7 /* PulseWatchWidget.swift */; };
		8EAC6E0883CBD63E28AF886D /* HealthGoal.swift in Sources */ = {isa = PBXBuildFile; fileRef = 30E77AC54718B417240F877A /* HealthGoal.swift */; };
		8F1F4ECE5CD167F639548EE9 /* NutritionView.swift in Sources */ = {isa = PBXBuildFile; fileRef = DBF1E3E391D86E99C13D387A /* NutritionView.swift */; };
		9107EB66D56CCAF8400EFAAA /* HealthRecord.swift in Sources */ = {isa = PBXBuildFile; fileRef = 423E402954856FBC1F53AFD4 /* HealthRecord.swift */; };
		954756E5B470C6E549220EEF /* DailySummary.swift in Sources */ = {isa = PBXBuildFile; fileRef = D8941CCC61662258ECB2889D /* DailySummary.swift */; };
		97964B755D121E84C1B6856F /* HealthRecord.swift in Sources */ = {isa = PBXBuildFile; fileRef = 423E402954856FBC1F53AFD4 /* HealthRecord.swift */; };
		988D28E0DFD943EF8F94D3BF /* ScreenshotGenerator.swift in Sources */ = {isa = PBXBuildFile; fileRef = 770F447C20B4DD5F2CE28A67 /* ScreenshotGenerator.swift */; };
		990538EA67540AF39D2EC5A2 /* SubnetScanner.swift in Sources */ = {isa = PBXBuildFile; fileRef = 4DDBF626179003B208FE3E27 /* SubnetScanner.swift */; };
		9A78571342D4A74D0743C1D8 /* ChallengeView.swift in Sources */ = {isa = PBXBuildFile; fileRef = B105C60FB94E6F5133729D38 /* ChallengeView.swift */; };
		9ABE917F706F6635F1E353EC /* TelemetryDeck in Frameworks */ = {isa = PBXBuildFile; productRef = 2F9F3B85A84BD2312D7CCAE6 /* TelemetryDeck */; };
		9BB34FF3E9D37F1FEF03FA6F /* LocationManager.swift in Sources */ = {isa = PBXBuildFile; fileRef = 1C93FB5DBBD7437C3C0479A6 /* LocationManager.swift */; };
		9EE86C13671A2E737AA34A17 /* AppStoreComplianceTests.swift in Sources */ = {isa = PBXBuildFile; fileRef = 807BC70366CF1951794F61E9 /* AppStoreComplianceTests.swift */; };
		9F0E6F8FA62BA96A1DBCA61F /* HeartRateAlertService.swift in Sources */ = {isa = PBXBuildFile; fileRef = 989010913FA5279748CF31C6 /* HeartRateAlertService.swift */; };
		A02872F40EC80CA26928144B /* HeartRateAlertEvent.swift in Sources */ = {isa = PBXBuildFile; fileRef = BD8B6019519203660BBDE071 /* HeartRateAlertEvent.swift */; };
		A1FDE0A560C4AF84E9451881 /* HomeView.swift in Sources */ = {isa = PBXBuildFile; fileRef = 7C1C0D07C1855FDE1FE7E6D5 /* HomeView.swift */; };
		A2937491C94125D6A7F56604 /* TelemetryDeck in Frameworks */ = {isa = PBXBuildFile; productRef = BDFD603A72EC31CEE1FA50F0 /* TelemetryDeck */; };
		A3174E26A346A9CDD93930D8 /* HeartRateAlertEvent.swift in Sources */ = {isa = PBXBuildFile; fileRef = BD8B6019519203660BBDE071 /* HeartRateAlertEvent.swift */; };
		A5598B904FD562BE33311F63 /* Analytics.swift in Sources */ = {isa = PBXBuildFile; fileRef = 38391093558DC51B8526D406 /* Analytics.swift */; };
		A6699509D400627420C6D418 /* HealthSnapshot.swift in Sources */ = {isa = PBXBuildFile; fileRef = B43CF30861598DBA2C32FFCB /* HealthSnapshot.swift */; };
		A7E8BDCD7A72838576AEAC31 /* HealthAnalyzer.swift in Sources */ = {isa = PBXBuildFile; fileRef = 749A187F075B3040BC72947E /* HealthAnalyzer.swift */; };
		A848F19B9CF36C91EB57209B /* AchievementService.swift in Sources */ = {isa = PBXBuildFile; fileRef = 30868A1A98666A631BA6A7F8 /* AchievementService.swift */; };
		A85956F0D9882C577AB59B48 /* DailySummary.swift in Sources */ = {isa = PBXBuildFile; fileRef = D8941CCC61662258ECB2889D /* DailySummary.swift */; };
		A9714CDFB1468C3DDE53F7F1 /* WeeklyReadinessChart.swift in Sources */ = {isa = PBXBuildFile; fileRef = C3F297F858023F9D4A0AE185 /* WeeklyReadinessChart.swift */; };
		B12CC726298E718F0B1E05E6 /* LocationManager.swift in Sources */ = {isa = PBXBuildFile; fileRef = 1C93FB5DBBD7437C3C0479A6 /* LocationManager.swift */; };
		B5ED7024F9B238411C09D52F /* ManualWorkoutView.swift in Sources */ = {isa = PBXBuildFile; fileRef = 72994B83705B3F92B49C10BA /* ManualWorkoutView.swift */; };
		B8309BE064408AD0D10AA380 /* SleepBandCard.swift in Sources */ = {isa = PBXBuildFile; fileRef = 2CECB68A7A361DCA30DD99A4 /* SleepBandCard.swift */; };
		BAC6D54255750F06A13EC211 /* ShareCardView.swift in Sources */ = {isa = PBXBuildFile; fileRef = 137D4F7F2B9141C04B4C6D30 /* ShareCardView.swift */; };
		BB53B22404DE95F68119A70D /* KeychainHelper.swift in Sources */ = {isa = PBXBuildFile; fileRef = D78EF6591F143A435A280533 /* KeychainHelper.swift */; };
		BBD408C0FE46E86A1634B244 /* WatchHomeView.swift in Sources */ = {isa = PBXBuildFile; fileRef = 69357AC37E6D0E47B4931BFD /* WatchHomeView.swift */; };
		BC3801713505B06443AE41FD /* HealthAnalyzerTests.swift in Sources */ = {isa = PBXBuildFile; fileRef = 5A4642A19FF5CEAF8846CB54 /* HealthAnalyzerTests.swift */; };
		BD2DF800197AAA403C5EE3DA /* RecoveryTimelineView.swift in Sources */ = {isa = PBXBuildFile; fileRef = 363204A6CBD545ECC1DD5485 /* RecoveryTimelineView.swift */; };
		C26955289DD889E02980CBB2 /* HeartRateDetailView.swift in Sources */ = {isa = PBXBuildFile; fileRef = 803938428A1B484E25FA34E0 /* HeartRateDetailView.swift */; };
		C62F57401F6206C2DC50BFEF /* HapticManager.swift in Sources */ = {isa = PBXBuildFile; fileRef = C97109479A7A9833D9887F50 /* HapticManager.swift */; };
		C82377FA21A98E19F24317E7 /* HealthDataService.swift in Sources */ = {isa = PBXBuildFile; fileRef = 62B314F45ABCFD3CDEFC751D /* HealthDataService.swift */; };
		C8990A8AFC1244F626875120 /* GymArrivalFlowView.swift in Sources */ = {isa = PBXBuildFile; fileRef = A64E4CE8BE2D55EEEDC683F0 /* GymArrivalFlowView.swift */; };
		C8D9CA413D398B7459DB19EF /* EmptyStateView.swift in Sources */ = {isa = PBXBuildFile; fileRef = CF79FB4DE1FF6C33541719F6 /* EmptyStateView.swift */; };
		CA23BB7B10F0D18991E30E6F /* CorrelationService.swift in Sources */ = {isa = PBXBuildFile; fileRef = 63297E7E4D464EC073735FB3 /* CorrelationService.swift */; };
		CBEDF7FE6DCEE1835700B20F /* DataIntegrityTests.swift in Sources */ = {isa = PBXBuildFile; fileRef = 027D491055605BD2361ED94F /* DataIntegrityTests.swift */; };
		CE20B6A05EC107EACC93B1C9 /* HealthKitService.swift in Sources */ = {isa = PBXBuildFile; fileRef = E6181030B012FB16DCC5EEF7 /* HealthKitService.swift */; };
		D0351D74457D111D2FD929C1 /* WorkoutHistoryService.swift in Sources */ = {isa = PBXBuildFile; fileRef = 6823C145E8FB8D24A8C8EE8A /* WorkoutHistoryService.swift */; };
		D07374AFB9C29A212F4179F7 /* BloodOxygenDetailView.swift in Sources */ = {isa = PBXBuildFile; fileRef = 39BEEB57ED5B970B6E19A09E /* BloodOxygenDetailView.swift */; };
		D0776B758D3ED9D164AB1C78 /* StreakService.swift in Sources */ = {isa = PBXBuildFile; fileRef = 1D094A4CFEA51DAFEC7F2C90 /* StreakService.swift */; };
		D28393438A06C7D343A78659 /* StrainScoreService.swift in Sources */ = {isa = PBXBuildFile; fileRef = 041C8FF7C0784FC8DF790EE4 /* StrainScoreService.swift */; };
		D345F9C062304D37747F4365 /* SleepDetailView.swift in Sources */ = {isa = PBXBuildFile; fileRef = D4FD59A72CE05A8315F63437 /* SleepDetailView.swift */; };
		D749651C64A3488B31717FCB /* TrainingCalendarView.swift in Sources */ = {isa = PBXBuildFile; fileRef = C79EAA80DBA326B8681C5688 /* TrainingCalendarView.swift */; };
		D9BE37B0190918BC2AF48D2A /* PulseTheme.swift in Sources */ = {isa = PBXBuildFile; fileRef = 8334C65FC6CA06682ADE69B9 /* PulseTheme.swift */; };
		D9C69F3E427376A757BB498D /* HealthKitManager.swift in Sources */ = {isa = PBXBuildFile; fileRef = B24D4B80B8A0AE76ECAF39C6 /* HealthKitManager.swift */; };
		DC31D0174C58F53029C3A511 /* WorkoutHistoryListView.swift in Sources */ = {isa = PBXBuildFile; fileRef = 099EE8366CE5793521928846 /* WorkoutHistoryListView.swift */; };
		DC7641B089DE7AEF4153803F /* HealthAgeDetailView.swift in Sources */ = {isa = PBXBuildFile; fileRef = 0B74A31A5BD9A524BA43EEB5 /* HealthAgeDetailView.swift */; };
		DDD48BA6186F2B46986943F5 /* HealthAgeService.swift in Sources */ = {isa = PBXBuildFile; fileRef = 5B542829DF42BAAB834E5373 /* HealthAgeService.swift */; };
		DE88A3060BF319B28E9B836E /* LaunchScreenView.swift in Sources */ = {isa = PBXBuildFile; fileRef = 9B8AF5335F8330E76B283777 /* LaunchScreenView.swift */; };
		DF3945F898AB21F858475D0D /* GymSearchView.swift in Sources */ = {isa = PBXBuildFile; fileRef = 0B0BDF3A5D302AEE99BC17EF /* GymSearchView.swift */; };
		E17462ED0A471091EF10E059 /* MuscleInsightsCard.swift in Sources */ = {isa = PBXBuildFile; fileRef = 025E6A102C25CA75CDDFBDDA /* MuscleInsightsCard.swift */; };
		E20B9431A01968EF0D940130 /* SafeMath.swift in Sources */ = {isa = PBXBuildFile; fileRef = 13D6422811DDD5FD84679A5F /* SafeMath.swift */; };
		E2926BC8AA2B0E9C59B99E82 /* SubnetScanner.swift in Sources */ = {isa = PBXBuildFile; fileRef = 4DDBF626179003B208FE3E27 /* SubnetScanner.swift */; };
		E2AE16CA3B2D05EE03747012 /* WorkoutView.swift in Sources */ = {isa = PBXBuildFile; fileRef = 36ED27B3D9E0F37CE264F67B /* WorkoutView.swift */; };
		E3472A3FA9AE15A8E5F7D667 /* SuggestionCard.swift in Sources */ = {isa = PBXBuildFile; fileRef = 2A03A5045772C91FE0325CD0 /* SuggestionCard.swift */; };
		E4B70058D5C058C04550B8B4 /* AnomalyTimelineView.swift in Sources */ = {isa = PBXBuildFile; fileRef = 0CDB5FA30CE1DD5D9713EC23 /* AnomalyTimelineView.swift */; };
		E4DFDB6A61DD1CC08BA47C36 /* MonthlySummaryService.swift in Sources */ = {isa = PBXBuildFile; fileRef = DFE0FBC6D55DBF9B8EE9BFA7 /* MonthlySummaryService.swift */; };
		E67D1F3094B4C15C9455AA7E /* ReviewRequestManager.swift in Sources */ = {isa = PBXBuildFile; fileRef = 15240AB92550B260D1C65538 /* ReviewRequestManager.swift */; };
		E8D32CF8BC39B734567373A0 /* StrengthRecord.swift in Sources */ = {isa = PBXBuildFile; fileRef = 3507BAE41D478283507E23E6 /* StrengthRecord.swift */; };
		EB9CD2247B65117026C53DA3 /* Localizable.xcstrings in Resources */ = {isa = PBXBuildFile; fileRef = 78B0FE266AD58AB16E415164 /* Localizable.xcstrings */; };
		EDF6DF432A0E931693AE1351 /* WorkoutHistoryEntry.swift in Sources */ = {isa = PBXBuildFile; fileRef = 1D8C1678E009592879DFAACC /* WorkoutHistoryEntry.swift */; };
		F080EB92336B15BFD06A027C /* OnboardingView.swift in Sources */ = {isa = PBXBuildFile; fileRef = 2D7EAB8DD243A4A5F0B782B0 /* OnboardingView.swift */; };
		F1C16D0D9683C154D48CDAE7 /* WeeklySummaryService.swift in Sources */ = {isa = PBXBuildFile; fileRef = B6C2E22623E90B19B655EA2D /* WeeklySummaryService.swift */; };
		F4B3BFD8FCB29275EBFC3C6B /* Assets.xcassets in Resources */ = {isa = PBXBuildFile; fileRef = 691CF6519E17F0083CE8A11B /* Assets.xcassets */; };
		F8177CBBA3F13228F6789DC2 /* HealthKitManager.swift in Sources */ = {isa = PBXBuildFile; fileRef = B24D4B80B8A0AE76ECAF39C6 /* HealthKitManager.swift */; };
		FA5FEC930F0EF865D6BF4BE7 /* HealthRecord.swift in Sources */ = {isa = PBXBuildFile; fileRef = 423E402954856FBC1F53AFD4 /* HealthRecord.swift */; };
		FBF9978DF44F2F341324D64A /* WorkoutHistoryEntry.swift in Sources */ = {isa = PBXBuildFile; fileRef = 1D8C1678E009592879DFAACC /* WorkoutHistoryEntry.swift */; };
		FD2CAFAC652D279BEA76F3EF /* QRScannerView.swift in Sources */ = {isa = PBXBuildFile; fileRef = BCB4D5F51FF5C4DC019D609B /* QRScannerView.swift */; };
		FE022DA4F26DC841D9A73DC6 /* CorrelationService.swift in Sources */ = {isa = PBXBuildFile; fileRef = 63297E7E4D464EC073735FB3 /* CorrelationService.swift */; };
		FEA1C7D6CB35C0E38BD1D143 /* TrainingChallengeTests.swift in Sources */ = {isa = PBXBuildFile; fileRef = 690A79095F341334845D13B7 /* TrainingChallengeTests.swift */; };
/* End PBXBuildFile section */

/* Begin PBXContainerItemProxy section */
		0AF22613E38AC1840B6C750E /* PBXContainerItemProxy */ = {
			isa = PBXContainerItemProxy;
			containerPortal = A8805EC5A1B79312458C27F2 /* Project object */;
			proxyType = 1;
			remoteGlobalIDString = A6A266E3296B3D9A32491DBC;
			remoteInfo = PulseWatch;
		};
		68FD90D855FAA4D625002AD1 /* PBXContainerItemProxy */ = {
			isa = PBXContainerItemProxy;
			containerPortal = A8805EC5A1B79312458C27F2 /* Project object */;
			proxyType = 1;
			remoteGlobalIDString = 557B90705FD9090E6C1EC01F;
			remoteInfo = PulseWatchWatchWidgetExtension;
		};
		E43F9A33AA2821210BA41221 /* PBXContainerItemProxy */ = {
			isa = PBXContainerItemProxy;
			containerPortal = A8805EC5A1B79312458C27F2 /* Project object */;
			proxyType = 1;
			remoteGlobalIDString = A6A266E3296B3D9A32491DBC;
			remoteInfo = PulseWatch;
		};
		E933AFEC78A6F0F01F94E7CA /* PBXContainerItemProxy */ = {
			isa = PBXContainerItemProxy;
			containerPortal = A8805EC5A1B79312458C27F2 /* Project object */;
			proxyType = 1;
			remoteGlobalIDString = 81D59EA86D9FFB56DD4730F5;
			remoteInfo = PulseWatchWidget;
		};
/* End PBXContainerItemProxy section */

/* Begin PBXCopyFilesBuildPhase section */
		847419070C6E803C7F891137 /* Embed Foundation Extensions */ = {
			isa = PBXCopyFilesBuildPhase;
			buildActionMask = 2147483647;
			dstPath = "";
			dstSubfolderSpec = 13;
			files = (
				527C0ED007B68F5D72EB14FA /* PulseWatchWidget.appex in Embed Foundation Extensions */,
			);
			name = "Embed Foundation Extensions";
			runOnlyForDeploymentPostprocessing = 0;
		};
		F276FAE6A90A1CC88E3FD094 /* Embed Foundation Extensions */ = {
			isa = PBXCopyFilesBuildPhase;
			buildActionMask = 2147483647;
			dstPath = "";
			dstSubfolderSpec = 13;
			files = (
				02B42240718BDC39BD0B03CE /* PulseWatchWatchWidgetExtension.appex in Embed Foundation Extensions */,
			);
			name = "Embed Foundation Extensions";
			runOnlyForDeploymentPostprocessing = 0;
		};
/* End PBXCopyFilesBuildPhase section */

/* Begin PBXFileReference section */
		00B709B15D0947FB66FCD29C /* MonthlyReportView.swift */ = {isa = PBXFileReference; lastKnownFileType = sourcecode.swift; path = MonthlyReportView.swift; sourceTree = "<group>"; };
		025E6A102C25CA75CDDFBDDA /* MuscleInsightsCard.swift */ = {isa = PBXFileReference; lastKnownFileType = sourcecode.swift; path = MuscleInsightsCard.swift; sourceTree = "<group>"; };
		027D491055605BD2361ED94F /* DataIntegrityTests.swift */ = {isa = PBXFileReference; lastKnownFileType = sourcecode.swift; path = DataIntegrityTests.swift; sourceTree = "<group>"; };
		041C8FF7C0784FC8DF790EE4 /* StrainScoreService.swift */ = {isa = PBXFileReference; lastKnownFileType = sourcecode.swift; path = StrainScoreService.swift; sourceTree = "<group>"; };
		04762B973BF706C0FCA20C34 /* MorningBriefService.swift */ = {isa = PBXFileReference; lastKnownFileType = sourcecode.swift; path = MorningBriefService.swift; sourceTree = "<group>"; };
		099EE8366CE5793521928846 /* WorkoutHistoryListView.swift */ = {isa = PBXFileReference; lastKnownFileType = sourcecode.swift; path = WorkoutHistoryListView.swift; sourceTree = "<group>"; };
		0B0BDF3A5D302AEE99BC17EF /* GymSearchView.swift */ = {isa = PBXFileReference; lastKnownFileType = sourcecode.swift; path = GymSearchView.swift; sourceTree = "<group>"; };
		0B74A31A5BD9A524BA43EEB5 /* HealthAgeDetailView.swift */ = {isa = PBXFileReference; lastKnownFileType = sourcecode.swift; path = HealthAgeDetailView.swift; sourceTree = "<group>"; };
		0C521170390A021DB84BD702 /* InfoPlist.xcstrings */ = {isa = PBXFileReference; lastKnownFileType = text.json.xcstrings; path = InfoPlist.xcstrings; sourceTree = "<group>"; };
		0CDB5FA30CE1DD5D9713EC23 /* AnomalyTimelineView.swift */ = {isa = PBXFileReference; lastKnownFileType = sourcecode.swift; path = AnomalyTimelineView.swift; sourceTree = "<group>"; };
		137D4F7F2B9141C04B4C6D30 /* ShareCardView.swift */ = {isa = PBXFileReference; lastKnownFileType = sourcecode.swift; path = ShareCardView.swift; sourceTree = "<group>"; };
		13D6422811DDD5FD84679A5F /* SafeMath.swift */ = {isa = PBXFileReference; lastKnownFileType = sourcecode.swift; path = SafeMath.swift; sourceTree = "<group>"; };
		15240AB92550B260D1C65538 /* ReviewRequestManager.swift */ = {isa = PBXFileReference; lastKnownFileType = sourcecode.swift; path = ReviewRequestManager.swift; sourceTree = "<group>"; };
		15DB4FA914834B517B356A14 /* StrengthService.swift */ = {isa = PBXFileReference; lastKnownFileType = sourcecode.swift; path = StrengthService.swift; sourceTree = "<group>"; };
		1C93FB5DBBD7437C3C0479A6 /* LocationManager.swift */ = {isa = PBXFileReference; lastKnownFileType = sourcecode.swift; path = LocationManager.swift; sourceTree = "<group>"; };
		1D094A4CFEA51DAFEC7F2C90 /* StreakService.swift */ = {isa = PBXFileReference; lastKnownFileType = sourcecode.swift; path = StreakService.swift; sourceTree = "<group>"; };
		1D8C1678E009592879DFAACC /* WorkoutHistoryEntry.swift */ = {isa = PBXFileReference; lastKnownFileType = sourcecode.swift; path = WorkoutHistoryEntry.swift; sourceTree = "<group>"; };
		1FC0FB323CC07A566343AF60 /* Info.plist */ = {isa = PBXFileReference; lastKnownFileType = text.plist; path = Info.plist; sourceTree = "<group>"; };
		235512B3D31E2D0BC98BB07D /* GoalProgressCard.swift */ = {isa = PBXFileReference; lastKnownFileType = sourcecode.swift; path = GoalProgressCard.swift; sourceTree = "<group>"; };
		25E6B3D42FD5FB29F60F2106 /* Info.plist */ = {isa = PBXFileReference; lastKnownFileType = text.plist; path = Info.plist; sourceTree = "<group>"; };
		2A03A5045772C91FE0325CD0 /* SuggestionCard.swift */ = {isa = PBXFileReference; lastKnownFileType = sourcecode.swift; path = SuggestionCard.swift; sourceTree = "<group>"; };
		2B14DBC2277915D1A11FA68B /* StrengthView.swift */ = {isa = PBXFileReference; lastKnownFileType = sourcecode.swift; path = StrengthView.swift; sourceTree = "<group>"; };
		2BD1EDEE975D246E28C222AE /* OpenClawBridge.swift */ = {isa = PBXFileReference; lastKnownFileType = sourcecode.swift; path = OpenClawBridge.swift; sourceTree = "<group>"; };
		2CECB68A7A361DCA30DD99A4 /* SleepBandCard.swift */ = {isa = PBXFileReference; lastKnownFileType = sourcecode.swift; path = SleepBandCard.swift; sourceTree = "<group>"; };
		2D7EAB8DD243A4A5F0B782B0 /* OnboardingView.swift */ = {isa = PBXFileReference; lastKnownFileType = sourcecode.swift; path = OnboardingView.swift; sourceTree = "<group>"; };
		2F2AEDCA575EB20BD7D18E40 /* HistoryView.swift */ = {isa = PBXFileReference; lastKnownFileType = sourcecode.swift; path = HistoryView.swift; sourceTree = "<group>"; };
		30868A1A98666A631BA6A7F8 /* AchievementService.swift */ = {isa = PBXFileReference; lastKnownFileType = sourcecode.swift; path = AchievementService.swift; sourceTree = "<group>"; };
		30E77AC54718B417240F877A /* HealthGoal.swift */ = {isa = PBXFileReference; lastKnownFileType = sourcecode.swift; path = HealthGoal.swift; sourceTree = "<group>"; };
		318D4E52322D0508EEC75361 /* WorkoutHistoryDetailView.swift */ = {isa = PBXFileReference; lastKnownFileType = sourcecode.swift; path = WorkoutHistoryDetailView.swift; sourceTree = "<group>"; };
		34F1E9C96201B84457E2D65A /* CoachModeView.swift */ = {isa = PBXFileReference; lastKnownFileType = sourcecode.swift; path = CoachModeView.swift; sourceTree = "<group>"; };
		3507BAE41D478283507E23E6 /* StrengthRecord.swift */ = {isa = PBXFileReference; lastKnownFileType = sourcecode.swift; path = StrengthRecord.swift; sourceTree = "<group>"; };
		35B21D1F6B84CCCC36D620B5 /* MuscleGroup.swift */ = {isa = PBXFileReference; lastKnownFileType = sourcecode.swift; path = MuscleGroup.swift; sourceTree = "<group>"; };
		363204A6CBD545ECC1DD5485 /* RecoveryTimelineView.swift */ = {isa = PBXFileReference; lastKnownFileType = sourcecode.swift; path = RecoveryTimelineView.swift; sourceTree = "<group>"; };
		36ED27B3D9E0F37CE264F67B /* WorkoutView.swift */ = {isa = PBXFileReference; lastKnownFileType = sourcecode.swift; path = WorkoutView.swift; sourceTree = "<group>"; };
		38391093558DC51B8526D406 /* Analytics.swift */ = {isa = PBXFileReference; lastKnownFileType = sourcecode.swift; path = Analytics.swift; sourceTree = "<group>"; };
		39BEEB57ED5B970B6E19A09E /* BloodOxygenDetailView.swift */ = {isa = PBXFileReference; lastKnownFileType = sourcecode.swift; path = BloodOxygenDetailView.swift; sourceTree = "<group>"; };
		3F5B090F59F8EDC17549FEC2 /* DemoDataProvider.swift */ = {isa = PBXFileReference; lastKnownFileType = sourcecode.swift; path = DemoDataProvider.swift; sourceTree = "<group>"; };
		40CF488F3812F04028B08EB9 /* PulseThemeTests.swift */ = {isa = PBXFileReference; lastKnownFileType = sourcecode.swift; path = PulseThemeTests.swift; sourceTree = "<group>"; };
		423E402954856FBC1F53AFD4 /* HealthRecord.swift */ = {isa = PBXFileReference; lastKnownFileType = sourcecode.swift; path = HealthRecord.swift; sourceTree = "<group>"; };
		448F93975172D1B5FF12A497 /* PrivacyInfo.xcprivacy */ = {isa = PBXFileReference; path = PrivacyInfo.xcprivacy; sourceTree = "<group>"; };
		4B2419844320303B3DCDD6FC /* StressDetailView.swift */ = {isa = PBXFileReference; lastKnownFileType = sourcecode.swift; path = StressDetailView.swift; sourceTree = "<group>"; };
		4DB44D514AD89CA6515F60D4 /* AppIconView.swift */ = {isa = PBXFileReference; lastKnownFileType = sourcecode.swift; path = AppIconView.swift; sourceTree = "<group>"; };
		4DDBF626179003B208FE3E27 /* SubnetScanner.swift */ = {isa = PBXFileReference; lastKnownFileType = sourcecode.swift; path = SubnetScanner.swift; sourceTree = "<group>"; };
		4F5CFB6551FD356A50B2063A /* PulseWatchWatchWidgetExtension.entitlements */ = {isa = PBXFileReference; lastKnownFileType = text.plist.entitlements; path = PulseWatchWatchWidgetExtension.entitlements; sourceTree = "<group>"; };
		580338BE678C02AF8FB4EB37 /* Info.plist */ = {isa = PBXFileReference; lastKnownFileType = text.plist; path = Info.plist; sourceTree = "<group>"; };
		5A4642A19FF5CEAF8846CB54 /* HealthAnalyzerTests.swift */ = {isa = PBXFileReference; lastKnownFileType = sourcecode.swift; path = HealthAnalyzerTests.swift; sourceTree = "<group>"; };
		5B542829DF42BAAB834E5373 /* HealthAgeService.swift */ = {isa = PBXFileReference; lastKnownFileType = sourcecode.swift; path = HealthAgeService.swift; sourceTree = "<group>"; };
		5D9CB0C64149D715BAF6C9E1 /* PulseComplication.swift */ = {isa = PBXFileReference; lastKnownFileType = sourcecode.swift; path = PulseComplication.swift; sourceTree = "<group>"; };
		5E74FC5907036F49B32AC895 /* WeeklyReportView.swift */ = {isa = PBXFileReference; lastKnownFileType = sourcecode.swift; path = WeeklyReportView.swift; sourceTree = "<group>"; };
		624D05567DAEB29F5F5F6D38 /* GymCoordinator.swift */ = {isa = PBXFileReference; lastKnownFileType = sourcecode.swift; path = GymCoordinator.swift; sourceTree = "<group>"; };
		62B314F45ABCFD3CDEFC751D /* HealthDataService.swift */ = {isa = PBXFileReference; lastKnownFileType = sourcecode.swift; path = HealthDataService.swift; sourceTree = "<group>"; };
		63297E7E4D464EC073735FB3 /* CorrelationService.swift */ = {isa = PBXFileReference; lastKnownFileType = sourcecode.swift; path = CorrelationService.swift; sourceTree = "<group>"; };
		64763C9451392C9DE2C0D7C1 /* Info.plist */ = {isa = PBXFileReference; lastKnownFileType = text.plist; path = Info.plist; sourceTree = "<group>"; };
		6823C145E8FB8D24A8C8EE8A /* WorkoutHistoryService.swift */ = {isa = PBXFileReference; lastKnownFileType = sourcecode.swift; path = WorkoutHistoryService.swift; sourceTree = "<group>"; };
		690A79095F341334845D13B7 /* TrainingChallengeTests.swift */ = {isa = PBXFileReference; lastKnownFileType = sourcecode.swift; path = TrainingChallengeTests.swift; sourceTree = "<group>"; };
		69127DAF601919E92EB120F6 /* InteractiveChartOverlay.swift */ = {isa = PBXFileReference; lastKnownFileType = sourcecode.swift; path = InteractiveChartOverlay.swift; sourceTree = "<group>"; };
		691CF6519E17F0083CE8A11B /* Assets.xcassets */ = {isa = PBXFileReference; lastKnownFileType = folder.assetcatalog; path = Assets.xcassets; sourceTree = "<group>"; };
		69357AC37E6D0E47B4931BFD /* WatchHomeView.swift */ = {isa = PBXFileReference; lastKnownFileType = sourcecode.swift; path = WatchHomeView.swift; sourceTree = "<group>"; };
		69563E71C80C1C903EAB9E81 /* PulseWatchWidget.appex */ = {isa = PBXFileReference; includeInIndex = 0; lastKnownFileType = "wrapper.app-extension"; path = PulseWatchWidget.appex; sourceTree = BUILT_PRODUCTS_DIR; };
		6EBB0A83EEF4206DAC83C1C3 /* TrainingPlanView.swift */ = {isa = PBXFileReference; lastKnownFileType = sourcecode.swift; path = TrainingPlanView.swift; sourceTree = "<group>"; };
		72994B83705B3F92B49C10BA /* ManualWorkoutView.swift */ = {isa = PBXFileReference; lastKnownFileType = sourcecode.swift; path = ManualWorkoutView.swift; sourceTree = "<group>"; };
		749A187F075B3040BC72947E /* HealthAnalyzer.swift */ = {isa = PBXFileReference; lastKnownFileType = sourcecode.swift; path = HealthAnalyzer.swift; sourceTree = "<group>"; };
		770F447C20B4DD5F2CE28A67 /* ScreenshotGenerator.swift */ = {isa = PBXFileReference; lastKnownFileType = sourcecode.swift; path = ScreenshotGenerator.swift; sourceTree = "<group>"; };
		780C0673407B4C145A0C117E /* TriScoreService.swift */ = {isa = PBXFileReference; lastKnownFileType = sourcecode.swift; path = TriScoreService.swift; sourceTree = "<group>"; };
		7862909C858BE840DA19BBF3 /* HealthSnapshotShareCard.swift */ = {isa = PBXFileReference; lastKnownFileType = sourcecode.swift; path = HealthSnapshotShareCard.swift; sourceTree = "<group>"; };
		78B0FE266AD58AB16E415164 /* Localizable.xcstrings */ = {isa = PBXFileReference; lastKnownFileType = text.json.xcstrings; path = Localizable.xcstrings; sourceTree = "<group>"; };
		7AABD9FC7852F24503F7C8EB /* WeeklyTrendChartsView.swift */ = {isa = PBXFileReference; lastKnownFileType = sourcecode.swift; path = WeeklyTrendChartsView.swift; sourceTree = "<group>"; };
		7C1C0D07C1855FDE1FE7E6D5 /* HomeView.swift */ = {isa = PBXFileReference; lastKnownFileType = sourcecode.swift; path = HomeView.swift; sourceTree = "<group>"; };
		7D9EF7F9A71B5B0CB3D007D8 /* WatchConnectivityManager.swift */ = {isa = PBXFileReference; lastKnownFileType = sourcecode.swift; path = WatchConnectivityManager.swift; sourceTree = "<group>"; };
		7DE41B5DD16B2F31475F9460 /* PulseWatchWatch.app */ = {isa = PBXFileReference; explicitFileType = wrapper.application; includeInIndex = 0; path = PulseWatchWatch.app; sourceTree = BUILT_PRODUCTS_DIR; };
		802CE9EB0608CE8AC43655FB /* StepsDetailView.swift */ = {isa = PBXFileReference; lastKnownFileType = sourcecode.swift; path = StepsDetailView.swift; sourceTree = "<group>"; };
		803938428A1B484E25FA34E0 /* HeartRateDetailView.swift */ = {isa = PBXFileReference; lastKnownFileType = sourcecode.swift; path = HeartRateDetailView.swift; sourceTree = "<group>"; };
		807BC70366CF1951794F61E9 /* AppStoreComplianceTests.swift */ = {isa = PBXFileReference; lastKnownFileType = sourcecode.swift; path = AppStoreComplianceTests.swift; sourceTree = "<group>"; };
		8334C65FC6CA06682ADE69B9 /* PulseTheme.swift */ = {isa = PBXFileReference; lastKnownFileType = sourcecode.swift; path = PulseTheme.swift; sourceTree = "<group>"; };
		844153431AA98297C50BE5BC /* WorkoutSessionManager.swift */ = {isa = PBXFileReference; lastKnownFileType = sourcecode.swift; path = WorkoutSessionManager.swift; sourceTree = "<group>"; };
		85307F13CBAE0D74EC7BB06F /* PulseWatchUITests.xctest */ = {isa = PBXFileReference; includeInIndex = 0; lastKnownFileType = wrapper.cfbundle; path = PulseWatchUITests.xctest; sourceTree = BUILT_PRODUCTS_DIR; };
		85D6B65839C9820E62C6141A /* PulseWatch.app */ = {isa = PBXFileReference; includeInIndex = 0; lastKnownFileType = wrapper.application; path = PulseWatch.app; sourceTree = BUILT_PRODUCTS_DIR; };
		8C689D7ED34748CC72C57C9D /* ScoreEngine.swift */ = {isa = PBXFileReference; lastKnownFileType = sourcecode.swift; path = ScoreEngine.swift; sourceTree = "<group>"; };
		8C6B3FC12444C96A17FB56F8 /* PulseWatchWatch.entitlements */ = {isa = PBXFileReference; lastKnownFileType = text.plist.entitlements; path = PulseWatchWatch.entitlements; sourceTree = "<group>"; };
		91480FF269F1740441081004 /* ModelTests.swift */ = {isa = PBXFileReference; lastKnownFileType = sourcecode.swift; path = ModelTests.swift; sourceTree = "<group>"; };
		914F3CFFE74D89F5CAED7075 /* DashboardView.swift */ = {isa = PBXFileReference; lastKnownFileType = sourcecode.swift; path = DashboardView.swift; sourceTree = "<group>"; };
		9172671A31357A6065ECC2E7 /* PulseWatchWidget.swift */ = {isa = PBXFileReference; lastKnownFileType = sourcecode.swift; path = PulseWatchWidget.swift; sourceTree = "<group>"; };
		96E5DBE85D44616D2F49A293 /* ActivityDetailView.swift */ = {isa = PBXFileReference; lastKnownFileType = sourcecode.swift; path = ActivityDetailView.swift; sourceTree = "<group>"; };
		989010913FA5279748CF31C6 /* HeartRateAlertService.swift */ = {isa = PBXFileReference; lastKnownFileType = sourcecode.swift; path = HeartRateAlertService.swift; sourceTree = "<group>"; };
		9AE2A8E6681A7BC87032CD47 /* CorrelationInsightsView.swift */ = {isa = PBXFileReference; lastKnownFileType = sourcecode.swift; path = CorrelationInsightsView.swift; sourceTree = "<group>"; };
		9B6300CB232E8B273FA41B61 /* WorkoutShareScreen.swift */ = {isa = PBXFileReference; lastKnownFileType = sourcecode.swift; path = WorkoutShareScreen.swift; sourceTree = "<group>"; };
		9B8AF5335F8330E76B283777 /* LaunchScreenView.swift */ = {isa = PBXFileReference; lastKnownFileType = sourcecode.swift; path = LaunchScreenView.swift; sourceTree = "<group>"; };
		9CA6C27A8ED0F06D7371F978 /* GymArrivalView.swift */ = {isa = PBXFileReference; lastKnownFileType = sourcecode.swift; path = GymArrivalView.swift; sourceTree = "<group>"; };
		9CE9A1CF188E7C75BDEB5EE1 /* PulseWatch.entitlements */ = {isa = PBXFileReference; lastKnownFileType = text.plist.entitlements; path = PulseWatch.entitlements; sourceTree = "<group>"; };
		A2B905C71E8936EB9DB9FD75 /* SwiftData.framework */ = {isa = PBXFileReference; lastKnownFileType = wrapper.framework; path = SwiftData.framework; sourceTree = "<group>"; };
		A60A489C55FC834EA5A89444 /* Info.plist */ = {isa = PBXFileReference; lastKnownFileType = text.plist; path = Info.plist; sourceTree = "<group>"; };
		A64E4CE8BE2D55EEEDC683F0 /* GymArrivalFlowView.swift */ = {isa = PBXFileReference; lastKnownFileType = sourcecode.swift; path = GymArrivalFlowView.swift; sourceTree = "<group>"; };
		A85E8CBFECA24C0FC480A2DF /* PDFReportService.swift */ = {isa = PBXFileReference; lastKnownFileType = sourcecode.swift; path = PDFReportService.swift; sourceTree = "<group>"; };
		A8C2F4BB3B5BDF9120AD5EB0 /* PulseWatchWatchWidgetExtension.appex */ = {isa = PBXFileReference; explicitFileType = "wrapper.app-extension"; includeInIndex = 0; path = PulseWatchWatchWidgetExtension.appex; sourceTree = BUILT_PRODUCTS_DIR; };
		AC8E10979DD142ECAABA4B87 /* SummaryView.swift */ = {isa = PBXFileReference; lastKnownFileType = sourcecode.swift; path = SummaryView.swift; sourceTree = "<group>"; };
		B105C60FB94E6F5133729D38 /* ChallengeView.swift */ = {isa = PBXFileReference; lastKnownFileType = sourcecode.swift; path = ChallengeView.swift; sourceTree = "<group>"; };
		B24D4B80B8A0AE76ECAF39C6 /* HealthKitManager.swift */ = {isa = PBXFileReference; lastKnownFileType = sourcecode.swift; path = HealthKitManager.swift; sourceTree = "<group>"; };
		B38170A1368D4C4402DEF435 /* HRVDetailView.swift */ = {isa = PBXFileReference; lastKnownFileType = sourcecode.swift; path = HRVDetailView.swift; sourceTree = "<group>"; };
		B43CF30861598DBA2C32FFCB /* HealthSnapshot.swift */ = {isa = PBXFileReference; lastKnownFileType = sourcecode.swift; path = HealthSnapshot.swift; sourceTree = "<group>"; };
		B474F2A2028207A9CFDBEE34 /* PulseWatchApp.swift */ = {isa = PBXFileReference; lastKnownFileType = sourcecode.swift; path = PulseWatchApp.swift; sourceTree = "<group>"; };
		B6C2E22623E90B19B655EA2D /* WeeklySummaryService.swift */ = {isa = PBXFileReference; lastKnownFileType = sourcecode.swift; path = WeeklySummaryService.swift; sourceTree = "<group>"; };
		BCB4D5F51FF5C4DC019D609B /* QRScannerView.swift */ = {isa = PBXFileReference; lastKnownFileType = sourcecode.swift; path = QRScannerView.swift; sourceTree = "<group>"; };
		BD8B6019519203660BBDE071 /* HeartRateAlertEvent.swift */ = {isa = PBXFileReference; lastKnownFileType = sourcecode.swift; path = HeartRateAlertEvent.swift; sourceTree = "<group>"; };
		C3F297F858023F9D4A0AE185 /* WeeklyReadinessChart.swift */ = {isa = PBXFileReference; lastKnownFileType = sourcecode.swift; path = WeeklyReadinessChart.swift; sourceTree = "<group>"; };
		C52036385195E652CEA839BC /* ScoreEngineTests.swift */ = {isa = PBXFileReference; lastKnownFileType = sourcecode.swift; path = ScoreEngineTests.swift; sourceTree = "<group>"; };
		C79EAA80DBA326B8681C5688 /* TrainingCalendarView.swift */ = {isa = PBXFileReference; lastKnownFileType = sourcecode.swift; path = TrainingCalendarView.swift; sourceTree = "<group>"; };
		C8221E5917BA08F7EF820B5A /* Assets.xcassets */ = {isa = PBXFileReference; lastKnownFileType = folder.assetcatalog; path = Assets.xcassets; sourceTree = "<group>"; };
		C97109479A7A9833D9887F50 /* HapticManager.swift */ = {isa = PBXFileReference; lastKnownFileType = sourcecode.swift; path = HapticManager.swift; sourceTree = "<group>"; };
		CB91463719D9CE6B82F0FEBB /* StatusCard.swift */ = {isa = PBXFileReference; lastKnownFileType = sourcecode.swift; path = StatusCard.swift; sourceTree = "<group>"; };
		CD95A9E97EC1B3355056FD4B /* PulseWatchWidget.entitlements */ = {isa = PBXFileReference; lastKnownFileType = text.plist.entitlements; path = PulseWatchWidget.entitlements; sourceTree = "<group>"; };
		CF79FB4DE1FF6C33541719F6 /* EmptyStateView.swift */ = {isa = PBXFileReference; lastKnownFileType = sourcecode.swift; path = EmptyStateView.swift; sourceTree = "<group>"; };
		D01195020D34743F50D83026 /* SettingsView.swift */ = {isa = PBXFileReference; lastKnownFileType = sourcecode.swift; path = SettingsView.swift; sourceTree = "<group>"; };
		D0586343BF113608113C25B9 /* Info.plist */ = {isa = PBXFileReference; lastKnownFileType = text.plist; path = Info.plist; sourceTree = "<group>"; };
		D0603FF2A61E99D82B443535 /* ReadinessSparkline.swift */ = {isa = PBXFileReference; lastKnownFileType = sourcecode.swift; path = ReadinessSparkline.swift; sourceTree = "<group>"; };
		D4FD59A72CE05A8315F63437 /* SleepDetailView.swift */ = {isa = PBXFileReference; lastKnownFileType = sourcecode.swift; path = SleepDetailView.swift; sourceTree = "<group>"; };
		D6BBF3968BD1F9038B30E966 /* CaloriesDetailView.swift */ = {isa = PBXFileReference; lastKnownFileType = sourcecode.swift; path = CaloriesDetailView.swift; sourceTree = "<group>"; };
		D78EF6591F143A435A280533 /* KeychainHelper.swift */ = {isa = PBXFileReference; lastKnownFileType = sourcecode.swift; path = KeychainHelper.swift; sourceTree = "<group>"; };
		D8941CCC61662258ECB2889D /* DailySummary.swift */ = {isa = PBXFileReference; lastKnownFileType = sourcecode.swift; path = DailySummary.swift; sourceTree = "<group>"; };
		DAF228A88E3AB4AF5B33FA5A /* VitalsGrid.swift */ = {isa = PBXFileReference; lastKnownFileType = sourcecode.swift; path = VitalsGrid.swift; sourceTree = "<group>"; };
		DBF1E3E391D86E99C13D387A /* NutritionView.swift */ = {isa = PBXFileReference; lastKnownFileType = sourcecode.swift; path = NutritionView.swift; sourceTree = "<group>"; };
		DFE0FBC6D55DBF9B8EE9BFA7 /* MonthlySummaryService.swift */ = {isa = PBXFileReference; lastKnownFileType = sourcecode.swift; path = MonthlySummaryService.swift; sourceTree = "<group>"; };
		E1E737675E66C7AD0AE97900 /* GoalSettingView.swift */ = {isa = PBXFileReference; lastKnownFileType = sourcecode.swift; path = GoalSettingView.swift; sourceTree = "<group>"; };
		E5FB0885FD11CEE3AFFABF82 /* DataExportService.swift */ = {isa = PBXFileReference; lastKnownFileType = sourcecode.swift; path = DataExportService.swift; sourceTree = "<group>"; };
		E6181030B012FB16DCC5EEF7 /* HealthKitService.swift */ = {isa = PBXFileReference; lastKnownFileType = sourcecode.swift; path = HealthKitService.swift; sourceTree = "<group>"; };
		E79C5E19C502841AE015CE69 /* TrainingChallenge.swift */ = {isa = PBXFileReference; lastKnownFileType = sourcecode.swift; path = TrainingChallenge.swift; sourceTree = "<group>"; };
		F5589ABBD331362FBE4A75BC /* PulseWatchTests.xctest */ = {isa = PBXFileReference; includeInIndex = 0; lastKnownFileType = wrapper.cfbundle; path = PulseWatchTests.xctest; sourceTree = BUILT_PRODUCTS_DIR; };
		FD42A291856B9B4DCE954001 /* WorkoutTrackingView.swift */ = {isa = PBXFileReference; lastKnownFileType = sourcecode.swift; path = WorkoutTrackingView.swift; sourceTree = "<group>"; };
		FDBD8ABD5C19A640CEBBC99D /* PulseWatchWatchApp.swift */ = {isa = PBXFileReference; lastKnownFileType = sourcecode.swift; path = PulseWatchWatchApp.swift; sourceTree = "<group>"; };
/* End PBXFileReference section */

/* Begin PBXFrameworksBuildPhase section */
		49DC161C4B4CE5CF2E85933C /* Frameworks */ = {
			isa = PBXFrameworksBuildPhase;
			buildActionMask = 2147483647;
			files = (
				9ABE917F706F6635F1E353EC /* TelemetryDeck in Frameworks */,
			);
			runOnlyForDeploymentPostprocessing = 0;
		};
		C70CEA86E4CCE162EA73B6B3 /* Frameworks */ = {
			isa = PBXFrameworksBuildPhase;
			buildActionMask = 2147483647;
			files = (
				A2937491C94125D6A7F56604 /* TelemetryDeck in Frameworks */,
			);
			runOnlyForDeploymentPostprocessing = 0;
		};
		D78F183E475D215DBCBE4E7E /* Frameworks */ = {
			isa = PBXFrameworksBuildPhase;
			buildActionMask = 2147483647;
			files = (
				440147DA10654220399E01C4 /* SwiftData.framework in Frameworks */,
			);
			runOnlyForDeploymentPostprocessing = 0;
		};
/* End PBXFrameworksBuildPhase section */

/* Begin PBXGroup section */
		022766105D806C978671E65D /* Frameworks */ = {
			isa = PBXGroup;
			children = (
				A2B905C71E8936EB9DB9FD75 /* SwiftData.framework */,
			);
			name = Frameworks;
			sourceTree = "<group>";
		};
		041CCDE03DE697130B91048B /* Services */ = {
			isa = PBXGroup;
			children = (
				30868A1A98666A631BA6A7F8 /* AchievementService.swift */,
				5B542829DF42BAAB834E5373 /* HealthAgeService.swift */,
				DFE0FBC6D55DBF9B8EE9BFA7 /* MonthlySummaryService.swift */,
				04762B973BF706C0FCA20C34 /* MorningBriefService.swift */,
				025E6A102C25CA75CDDFBDDA /* MuscleInsightsCard.swift */,
				15240AB92550B260D1C65538 /* ReviewRequestManager.swift */,
				041C8FF7C0784FC8DF790EE4 /* StrainScoreService.swift */,
				1D094A4CFEA51DAFEC7F2C90 /* StreakService.swift */,
				15DB4FA914834B517B356A14 /* StrengthService.swift */,
				780C0673407B4C145A0C117E /* TriScoreService.swift */,
				B6C2E22623E90B19B655EA2D /* WeeklySummaryService.swift */,
			);
			path = Services;
			sourceTree = "<group>";
		};
		217D51ED74A1570AFD9EEAAB /* PulseWatchWidget */ = {
			isa = PBXGroup;
			children = (
				64763C9451392C9DE2C0D7C1 /* Info.plist */,
				CD95A9E97EC1B3355056FD4B /* PulseWatchWidget.entitlements */,
				9172671A31357A6065ECC2E7 /* PulseWatchWidget.swift */,
			);
			path = PulseWatchWidget;
			sourceTree = "<group>";
		};
		31925FBE531FD7810303F189 /* PulseWatchTests */ = {
			isa = PBXGroup;
			children = (
				807BC70366CF1951794F61E9 /* AppStoreComplianceTests.swift */,
				027D491055605BD2361ED94F /* DataIntegrityTests.swift */,
				5A4642A19FF5CEAF8846CB54 /* HealthAnalyzerTests.swift */,
				25E6B3D42FD5FB29F60F2106 /* Info.plist */,
				91480FF269F1740441081004 /* ModelTests.swift */,
				40CF488F3812F04028B08EB9 /* PulseThemeTests.swift */,
				C52036385195E652CEA839BC /* ScoreEngineTests.swift */,
				690A79095F341334845D13B7 /* TrainingChallengeTests.swift */,
			);
			path = PulseWatchTests;
			sourceTree = "<group>";
		};
		3B5FB9B30DAAC2255BA13DE1 /* Services */ = {
			isa = PBXGroup;
			children = (
				38391093558DC51B8526D406 /* Analytics.swift */,
				63297E7E4D464EC073735FB3 /* CorrelationService.swift */,
				E5FB0885FD11CEE3AFFABF82 /* DataExportService.swift */,
				624D05567DAEB29F5F5F6D38 /* GymCoordinator.swift */,
				749A187F075B3040BC72947E /* HealthAnalyzer.swift */,
				62B314F45ABCFD3CDEFC751D /* HealthDataService.swift */,
				B24D4B80B8A0AE76ECAF39C6 /* HealthKitManager.swift */,
				E6181030B012FB16DCC5EEF7 /* HealthKitService.swift */,
				989010913FA5279748CF31C6 /* HeartRateAlertService.swift */,
				D78EF6591F143A435A280533 /* KeychainHelper.swift */,
				1C93FB5DBBD7437C3C0479A6 /* LocationManager.swift */,
				2BD1EDEE975D246E28C222AE /* OpenClawBridge.swift */,
				A85E8CBFECA24C0FC480A2DF /* PDFReportService.swift */,
				8C689D7ED34748CC72C57C9D /* ScoreEngine.swift */,
				4DDBF626179003B208FE3E27 /* SubnetScanner.swift */,
				7D9EF7F9A71B5B0CB3D007D8 /* WatchConnectivityManager.swift */,
				6823C145E8FB8D24A8C8EE8A /* WorkoutHistoryService.swift */,
			);
			path = Services;
			sourceTree = "<group>";
		};
		3FAC72F2A637DF557201C300 /* Complications */ = {
			isa = PBXGroup;
			children = (
				A60A489C55FC834EA5A89444 /* Info.plist */,
				5D9CB0C64149D715BAF6C9E1 /* PulseComplication.swift */,
				4F5CFB6551FD356A50B2063A /* PulseWatchWatchWidgetExtension.entitlements */,
			);
			path = Complications;
			sourceTree = "<group>";
		};
		49ED658B5A0F2AEA389F6D01 = {
			isa = PBXGroup;
			children = (
				579E86C8DE4D6CD6B905F0BC /* PulseWatch */,
				31925FBE531FD7810303F189 /* PulseWatchTests */,
				D6CF383A8B5D17125947D683 /* PulseWatchUITests */,
				60BF84187D6C7A1E9F9FD93E /* PulseWatchWatch */,
				217D51ED74A1570AFD9EEAAB /* PulseWatchWidget */,
				76A8E5F346162D40AACF48B7 /* Shared */,
				022766105D806C978671E65D /* Frameworks */,
				7F2B1726F4BD273D0042E707 /* Products */,
			);
			sourceTree = "<group>";
		};
		579E86C8DE4D6CD6B905F0BC /* PulseWatch */ = {
			isa = PBXGroup;
			children = (
				D11A29C3BC90988F007799A5 /* App */,
				041CCDE03DE697130B91048B /* Services */,
				72A0E4DF5C4D646CB62568EC /* Views */,
				691CF6519E17F0083CE8A11B /* Assets.xcassets */,
				78B0FE266AD58AB16E415164 /* Localizable.xcstrings */,
			);
			path = PulseWatch;
			sourceTree = "<group>";
		};
		59E2FB1F40109C1453DE3D0E /* Views */ = {
			isa = PBXGroup;
			children = (
				9CA6C27A8ED0F06D7371F978 /* GymArrivalView.swift */,
				AC8E10979DD142ECAABA4B87 /* SummaryView.swift */,
				6EBB0A83EEF4206DAC83C1C3 /* TrainingPlanView.swift */,
				69357AC37E6D0E47B4931BFD /* WatchHomeView.swift */,
				FD42A291856B9B4DCE954001 /* WorkoutTrackingView.swift */,
			);
			path = Views;
			sourceTree = "<group>";
		};
		60BF84187D6C7A1E9F9FD93E /* PulseWatchWatch */ = {
			isa = PBXGroup;
			children = (
				BA63AB52880714DBE0ADCA42 /* App */,
				3FAC72F2A637DF557201C300 /* Complications */,
				9D17F7B156EC5D6CBF5B5B28 /* Services */,
				59E2FB1F40109C1453DE3D0E /* Views */,
				C8221E5917BA08F7EF820B5A /* Assets.xcassets */,
			);
			path = PulseWatchWatch;
			sourceTree = "<group>";
		};
		6A7A34CE543D5945760645C9 /* Extensions */ = {
			isa = PBXGroup;
			children = (
				13D6422811DDD5FD84679A5F /* SafeMath.swift */,
			);
			path = Extensions;
			sourceTree = "<group>";
		};
		72A0E4DF5C4D646CB62568EC /* Views */ = {
			isa = PBXGroup;
			children = (
				9BC303B20AC41203DEF4EDA0 /* Components */,
				9B74290BD76A83B42A188400 /* Screens */,
			);
			path = Views;
			sourceTree = "<group>";
		};
		76A8E5F346162D40AACF48B7 /* Shared */ = {
			isa = PBXGroup;
			children = (
				6A7A34CE543D5945760645C9 /* Extensions */,
				D335DE95265C806D23967662 /* Models */,
				3B5FB9B30DAAC2255BA13DE1 /* Services */,
				CEA5DD2EF9A849ADFCF16994 /* Theme */,
			);
			path = Shared;
			sourceTree = "<group>";
		};
		7F2B1726F4BD273D0042E707 /* Products */ = {
			isa = PBXGroup;
			children = (
				85D6B65839C9820E62C6141A /* PulseWatch.app */,
				F5589ABBD331362FBE4A75BC /* PulseWatchTests.xctest */,
				85307F13CBAE0D74EC7BB06F /* PulseWatchUITests.xctest */,
				7DE41B5DD16B2F31475F9460 /* PulseWatchWatch.app */,
				A8C2F4BB3B5BDF9120AD5EB0 /* PulseWatchWatchWidgetExtension.appex */,
				69563E71C80C1C903EAB9E81 /* PulseWatchWidget.appex */,
			);
			name = Products;
			sourceTree = "<group>";
		};
		9B74290BD76A83B42A188400 /* Screens */ = {
			isa = PBXGroup;
			children = (
				96E5DBE85D44616D2F49A293 /* ActivityDetailView.swift */,
				0CDB5FA30CE1DD5D9713EC23 /* AnomalyTimelineView.swift */,
				39BEEB57ED5B970B6E19A09E /* BloodOxygenDetailView.swift */,
				D6BBF3968BD1F9038B30E966 /* CaloriesDetailView.swift */,
				B105C60FB94E6F5133729D38 /* ChallengeView.swift */,
				34F1E9C96201B84457E2D65A /* CoachModeView.swift */,
				9AE2A8E6681A7BC87032CD47 /* CorrelationInsightsView.swift */,
				914F3CFFE74D89F5CAED7075 /* DashboardView.swift */,
				3F5B090F59F8EDC17549FEC2 /* DemoDataProvider.swift */,
				E1E737675E66C7AD0AE97900 /* GoalSettingView.swift */,
				A64E4CE8BE2D55EEEDC683F0 /* GymArrivalFlowView.swift */,
				0B74A31A5BD9A524BA43EEB5 /* HealthAgeDetailView.swift */,
				803938428A1B484E25FA34E0 /* HeartRateDetailView.swift */,
				2F2AEDCA575EB20BD7D18E40 /* HistoryView.swift */,
				7C1C0D07C1855FDE1FE7E6D5 /* HomeView.swift */,
				B38170A1368D4C4402DEF435 /* HRVDetailView.swift */,
				72994B83705B3F92B49C10BA /* ManualWorkoutView.swift */,
				00B709B15D0947FB66FCD29C /* MonthlyReportView.swift */,
				DBF1E3E391D86E99C13D387A /* NutritionView.swift */,
				2D7EAB8DD243A4A5F0B782B0 /* OnboardingView.swift */,
				D01195020D34743F50D83026 /* SettingsView.swift */,
				D4FD59A72CE05A8315F63437 /* SleepDetailView.swift */,
				802CE9EB0608CE8AC43655FB /* StepsDetailView.swift */,
				2B14DBC2277915D1A11FA68B /* StrengthView.swift */,
				4B2419844320303B3DCDD6FC /* StressDetailView.swift */,
				C79EAA80DBA326B8681C5688 /* TrainingCalendarView.swift */,
				5E74FC5907036F49B32AC895 /* WeeklyReportView.swift */,
				318D4E52322D0508EEC75361 /* WorkoutHistoryDetailView.swift */,
				099EE8366CE5793521928846 /* WorkoutHistoryListView.swift */,
				9B6300CB232E8B273FA41B61 /* WorkoutShareScreen.swift */,
				36ED27B3D9E0F37CE264F67B /* WorkoutView.swift */,
			);
			path = Screens;
			sourceTree = "<group>";
		};
		9BC303B20AC41203DEF4EDA0 /* Components */ = {
			isa = PBXGroup;
			children = (
				4DB44D514AD89CA6515F60D4 /* AppIconView.swift */,
				CF79FB4DE1FF6C33541719F6 /* EmptyStateView.swift */,
				235512B3D31E2D0BC98BB07D /* GoalProgressCard.swift */,
				0B0BDF3A5D302AEE99BC17EF /* GymSearchView.swift */,
				7862909C858BE840DA19BBF3 /* HealthSnapshotShareCard.swift */,
				69127DAF601919E92EB120F6 /* InteractiveChartOverlay.swift */,
				9B8AF5335F8330E76B283777 /* LaunchScreenView.swift */,
				BCB4D5F51FF5C4DC019D609B /* QRScannerView.swift */,
				D0603FF2A61E99D82B443535 /* ReadinessSparkline.swift */,
				363204A6CBD545ECC1DD5485 /* RecoveryTimelineView.swift */,
				137D4F7F2B9141C04B4C6D30 /* ShareCardView.swift */,
				2CECB68A7A361DCA30DD99A4 /* SleepBandCard.swift */,
				CB91463719D9CE6B82F0FEBB /* StatusCard.swift */,
				2A03A5045772C91FE0325CD0 /* SuggestionCard.swift */,
				DAF228A88E3AB4AF5B33FA5A /* VitalsGrid.swift */,
				C3F297F858023F9D4A0AE185 /* WeeklyReadinessChart.swift */,
				7AABD9FC7852F24503F7C8EB /* WeeklyTrendChartsView.swift */,
			);
			path = Components;
			sourceTree = "<group>";
		};
		9D17F7B156EC5D6CBF5B5B28 /* Services */ = {
			isa = PBXGroup;
			children = (
				C97109479A7A9833D9887F50 /* HapticManager.swift */,
				844153431AA98297C50BE5BC /* WorkoutSessionManager.swift */,
			);
			path = Services;
			sourceTree = "<group>";
		};
		BA63AB52880714DBE0ADCA42 /* App */ = {
			isa = PBXGroup;
			children = (
				580338BE678C02AF8FB4EB37 /* Info.plist */,
				8C6B3FC12444C96A17FB56F8 /* PulseWatchWatch.entitlements */,
				FDBD8ABD5C19A640CEBBC99D /* PulseWatchWatchApp.swift */,
			);
			path = App;
			sourceTree = "<group>";
		};
		CEA5DD2EF9A849ADFCF16994 /* Theme */ = {
			isa = PBXGroup;
			children = (
				8334C65FC6CA06682ADE69B9 /* PulseTheme.swift */,
			);
			path = Theme;
			sourceTree = "<group>";
		};
		D11A29C3BC90988F007799A5 /* App */ = {
			isa = PBXGroup;
			children = (
				D0586343BF113608113C25B9 /* Info.plist */,
				0C521170390A021DB84BD702 /* InfoPlist.xcstrings */,
				448F93975172D1B5FF12A497 /* PrivacyInfo.xcprivacy */,
				9CE9A1CF188E7C75BDEB5EE1 /* PulseWatch.entitlements */,
				B474F2A2028207A9CFDBEE34 /* PulseWatchApp.swift */,
			);
			path = App;
			sourceTree = "<group>";
		};
		D335DE95265C806D23967662 /* Models */ = {
			isa = PBXGroup;
			children = (
				D8941CCC61662258ECB2889D /* DailySummary.swift */,
				30E77AC54718B417240F877A /* HealthGoal.swift */,
				423E402954856FBC1F53AFD4 /* HealthRecord.swift */,
				B43CF30861598DBA2C32FFCB /* HealthSnapshot.swift */,
				BD8B6019519203660BBDE071 /* HeartRateAlertEvent.swift */,
				35B21D1F6B84CCCC36D620B5 /* MuscleGroup.swift */,
				3507BAE41D478283507E23E6 /* StrengthRecord.swift */,
				E79C5E19C502841AE015CE69 /* TrainingChallenge.swift */,
				1D8C1678E009592879DFAACC /* WorkoutHistoryEntry.swift */,
			);
			path = Models;
			sourceTree = "<group>";
		};
		D6CF383A8B5D17125947D683 /* PulseWatchUITests */ = {
			isa = PBXGroup;
			children = (
				1FC0FB323CC07A566343AF60 /* Info.plist */,
				770F447C20B4DD5F2CE28A67 /* ScreenshotGenerator.swift */,
			);
			path = PulseWatchUITests;
			sourceTree = "<group>";
		};
/* End PBXGroup section */

/* Begin PBXNativeTarget section */
		557B90705FD9090E6C1EC01F /* PulseWatchWatchWidgetExtension */ = {
			isa = PBXNativeTarget;
			buildConfigurationList = 82ED1D5EC8BBD6D9B501D43F /* Build configuration list for PBXNativeTarget "PulseWatchWatchWidgetExtension" */;
			buildPhases = (
				1A395D82F79A5AB2FFB5E036 /* Sources */,
				D78F183E475D215DBCBE4E7E /* Frameworks */,
			);
			buildRules = (
			);
			dependencies = (
			);
			name = PulseWatchWatchWidgetExtension;
			packageProductDependencies = (
			);
			productName = PulseWatchWatchWidgetExtension;
			productReference = A8C2F4BB3B5BDF9120AD5EB0 /* PulseWatchWatchWidgetExtension.appex */;
			productType = "com.apple.product-type.app-extension";
		};
		81D59EA86D9FFB56DD4730F5 /* PulseWatchWidget */ = {
			isa = PBXNativeTarget;
			buildConfigurationList = 773863CCBC124F14F671F3C0 /* Build configuration list for PBXNativeTarget "PulseWatchWidget" */;
			buildPhases = (
				3A0B244FBEFBDE3E2A276285 /* Sources */,
			);
			buildRules = (
			);
			dependencies = (
			);
			name = PulseWatchWidget;
			packageProductDependencies = (
			);
			productName = PulseWatchWidget;
			productReference = 69563E71C80C1C903EAB9E81 /* PulseWatchWidget.appex */;
			productType = "com.apple.product-type.app-extension";
		};
		A6A266E3296B3D9A32491DBC /* PulseWatch */ = {
			isa = PBXNativeTarget;
			buildConfigurationList = 2FD069D127979157C27EAD0D /* Build configuration list for PBXNativeTarget "PulseWatch" */;
			buildPhases = (
				8D970E33F4CFC98C03DE083D /* Sources */,
				F0115157B0F63A1A5E24462C /* Resources */,
				C70CEA86E4CCE162EA73B6B3 /* Frameworks */,
				847419070C6E803C7F891137 /* Embed Foundation Extensions */,
			);
			buildRules = (
			);
			dependencies = (
				0AF1136CE72D90DCFB4C6F68 /* PBXTargetDependency */,
			);
			name = PulseWatch;
			packageProductDependencies = (
				BDFD603A72EC31CEE1FA50F0 /* TelemetryDeck */,
			);
			productName = PulseWatch;
			productReference = 85D6B65839C9820E62C6141A /* PulseWatch.app */;
			productType = "com.apple.product-type.application";
		};
		A98E91D70BBAE5EDEFC24D33 /* PulseWatchWatch */ = {
			isa = PBXNativeTarget;
			buildConfigurationList = 3143869FDBA38598995681C6 /* Build configuration list for PBXNativeTarget "PulseWatchWatch" */;
			buildPhases = (
				38A12F58DE43C1EB87234BA4 /* Sources */,
				C47138F1026987E7EA9A3EC3 /* Resources */,
				49DC161C4B4CE5CF2E85933C /* Frameworks */,
				F276FAE6A90A1CC88E3FD094 /* Embed Foundation Extensions */,
			);
			buildRules = (
			);
			dependencies = (
				7279B3E08272E97D8A3BC972 /* PBXTargetDependency */,
			);
			name = PulseWatchWatch;
			packageProductDependencies = (
				2F9F3B85A84BD2312D7CCAE6 /* TelemetryDeck */,
			);
			productName = PulseWatchWatch;
			productReference = 7DE41B5DD16B2F31475F9460 /* PulseWatchWatch.app */;
			productType = "com.apple.product-type.application";
		};
		B0C7EF8CD448B100106F8E41 /* PulseWatchTests */ = {
			isa = PBXNativeTarget;
			buildConfigurationList = 07AAB60E9708A131C3EC7116 /* Build configuration list for PBXNativeTarget "PulseWatchTests" */;
			buildPhases = (
				409722127358C64F482CF291 /* Sources */,
			);
			buildRules = (
			);
			dependencies = (
				FF4B75E326AB47AEB4D3D4E2 /* PBXTargetDependency */,
			);
			name = PulseWatchTests;
			packageProductDependencies = (
			);
			productName = PulseWatchTests;
			productReference = F5589ABBD331362FBE4A75BC /* PulseWatchTests.xctest */;
			productType = "com.apple.product-type.bundle.unit-test";
		};
		C7A692FC4F1F8935DE767F22 /* PulseWatchUITests */ = {
			isa = PBXNativeTarget;
			buildConfigurationList = 4F35DE69148D8EF8DC194ABD /* Build configuration list for PBXNativeTarget "PulseWatchUITests" */;
			buildPhases = (
				A3E80BFBB43CC8DDB23963A4 /* Sources */,
			);
			buildRules = (
			);
			dependencies = (
				5CD18DEFA280EFE068A9966F /* PBXTargetDependency */,
			);
			name = PulseWatchUITests;
			packageProductDependencies = (
			);
			productName = PulseWatchUITests;
			productReference = 85307F13CBAE0D74EC7BB06F /* PulseWatchUITests.xctest */;
			productType = "com.apple.product-type.bundle.ui-testing";
		};
/* End PBXNativeTarget section */

/* Begin PBXProject section */
		A8805EC5A1B79312458C27F2 /* Project object */ = {
			isa = PBXProject;
			attributes = {
				BuildIndependentTargetsInParallel = YES;
				LastUpgradeCheck = 1600;
				TargetAttributes = {
					557B90705FD9090E6C1EC01F = {
						DevelopmentTeam = AV25N53237;
						ProvisioningStyle = Automatic;
					};
					81D59EA86D9FFB56DD4730F5 = {
						DevelopmentTeam = AV25N53237;
						ProvisioningStyle = Automatic;
					};
					A6A266E3296B3D9A32491DBC = {
						DevelopmentTeam = AV25N53237;
						ProvisioningStyle = Automatic;
					};
					A98E91D70BBAE5EDEFC24D33 = {
						DevelopmentTeam = AV25N53237;
						ProvisioningStyle = Automatic;
					};
					B0C7EF8CD448B100106F8E41 = {
						DevelopmentTeam = AV25N53237;
						ProvisioningStyle = Automatic;
					};
					C7A692FC4F1F8935DE767F22 = {
						DevelopmentTeam = AV25N53237;
						ProvisioningStyle = Automatic;
						TestTargetID = A6A266E3296B3D9A32491DBC;
					};
				};
			};
			buildConfigurationList = 638C6D3662979EA449E17533 /* Build configuration list for PBXProject "PulseWatch" */;
			developmentRegion = en;
			hasScannedForEncodings = 0;
			knownRegions = (
				Base,
				en,
				"zh-Hans",
			);
			mainGroup = 49ED658B5A0F2AEA389F6D01;
			minimizedProjectReferenceProxies = 1;
			packageReferences = (
				B9CC0511D2CB99D1F79CE730 /* XCRemoteSwiftPackageReference "SwiftSDK" */,
			);
			preferredProjectObjectVersion = 77;
			productRefGroup = 7F2B1726F4BD273D0042E707 /* Products */;
			projectDirPath = "";
			projectRoot = "";
			targets = (
				A6A266E3296B3D9A32491DBC /* PulseWatch */,
				B0C7EF8CD448B100106F8E41 /* PulseWatchTests */,
				C7A692FC4F1F8935DE767F22 /* PulseWatchUITests */,
				A98E91D70BBAE5EDEFC24D33 /* PulseWatchWatch */,
				557B90705FD9090E6C1EC01F /* PulseWatchWatchWidgetExtension */,
				81D59EA86D9FFB56DD4730F5 /* PulseWatchWidget */,
			);
		};
/* End PBXProject section */

/* Begin PBXResourcesBuildPhase section */
		C47138F1026987E7EA9A3EC3 /* Resources */ = {
			isa = PBXResourcesBuildPhase;
			buildActionMask = 2147483647;
			files = (
				20EE6FE11BFCE1F03B9058E8 /* Assets.xcassets in Resources */,
			);
			runOnlyForDeploymentPostprocessing = 0;
		};
		F0115157B0F63A1A5E24462C /* Resources */ = {
			isa = PBXResourcesBuildPhase;
			buildActionMask = 2147483647;
			files = (
				F4B3BFD8FCB29275EBFC3C6B /* Assets.xcassets in Resources */,
				256911B925C491837780D5DB /* InfoPlist.xcstrings in Resources */,
				EB9CD2247B65117026C53DA3 /* Localizable.xcstrings in Resources */,
				89D3213346978EB8C194FF49 /* PrivacyInfo.xcprivacy in Resources */,
			);
			runOnlyForDeploymentPostprocessing = 0;
		};
/* End PBXResourcesBuildPhase section */

/* Begin PBXSourcesBuildPhase section */
		1A395D82F79A5AB2FFB5E036 /* Sources */ = {
			isa = PBXSourcesBuildPhase;
			buildActionMask = 2147483647;
			files = (
				954756E5B470C6E549220EEF /* DailySummary.swift in Sources */,
				8EAC6E0883CBD63E28AF886D /* HealthGoal.swift in Sources */,
				9107EB66D56CCAF8400EFAAA /* HealthRecord.swift in Sources */,
				A6699509D400627420C6D418 /* HealthSnapshot.swift in Sources */,
				A02872F40EC80CA26928144B /* HeartRateAlertEvent.swift in Sources */,
				259E64C9E56EF0868AC03373 /* MuscleGroup.swift in Sources */,
				68CEAF6FBC0C50146F8C0121 /* PulseComplication.swift in Sources */,
				1A362FF701FC28DED6BAAD03 /* PulseTheme.swift in Sources */,
				E8D32CF8BC39B734567373A0 /* StrengthRecord.swift in Sources */,
				087F74414D9671457E295B9D /* TrainingChallenge.swift in Sources */,
				EDF6DF432A0E931693AE1351 /* WorkoutHistoryEntry.swift in Sources */,
			);
			runOnlyForDeploymentPostprocessing = 0;
		};
		38A12F58DE43C1EB87234BA4 /* Sources */ = {
			isa = PBXSourcesBuildPhase;
			buildActionMask = 2147483647;
			files = (
				A5598B904FD562BE33311F63 /* Analytics.swift in Sources */,
				FE022DA4F26DC841D9A73DC6 /* CorrelationService.swift in Sources */,
				A85956F0D9882C577AB59B48 /* DailySummary.swift in Sources */,
				5B3EDFD9A3B2B3F9163A5C70 /* DataExportService.swift in Sources */,
				5AF2668F1996BFA0EA981730 /* GymArrivalView.swift in Sources */,
				83F37F4DCF2C79966B016C4C /* GymCoordinator.swift in Sources */,
				C62F57401F6206C2DC50BFEF /* HapticManager.swift in Sources */,
				0E8D6FE5A1403570A7E7A9B6 /* HealthAnalyzer.swift in Sources */,
				6234C29DF50E6600563D4E0A /* HealthDataService.swift in Sources */,
				2B125AE3AA46C8FC38AED82B /* HealthGoal.swift in Sources */,
				F8177CBBA3F13228F6789DC2 /* HealthKitManager.swift in Sources */,
				23BD6B2C92134B184081934C /* HealthKitService.swift in Sources */,
				97964B755D121E84C1B6856F /* HealthRecord.swift in Sources */,
				6DAFBD2E3282EF5798FA9AC6 /* HealthSnapshot.swift in Sources */,
				A3174E26A346A9CDD93930D8 /* HeartRateAlertEvent.swift in Sources */,
				9F0E6F8FA62BA96A1DBCA61F /* HeartRateAlertService.swift in Sources */,
				37074888E891812BA49B1FE3 /* KeychainHelper.swift in Sources */,
				9BB34FF3E9D37F1FEF03FA6F /* LocationManager.swift in Sources */,
				89C526FBDA02E0052CB7F0FD /* MuscleGroup.swift in Sources */,
				7E8927C86DC375790CBC4B30 /* OpenClawBridge.swift in Sources */,
				437B493CF2BD8E9061F00051 /* PDFReportService.swift in Sources */,
				D9BE37B0190918BC2AF48D2A /* PulseTheme.swift in Sources */,
				3BE750BEC5F4DA16CB6C6BB0 /* PulseWatchWatchApp.swift in Sources */,
				E20B9431A01968EF0D940130 /* SafeMath.swift in Sources */,
				4A88CB8CC9ADE27277ED8A92 /* ScoreEngine.swift in Sources */,
				3F23FDF2BD4EB70180A79F67 /* StrengthRecord.swift in Sources */,
				E2926BC8AA2B0E9C59B99E82 /* SubnetScanner.swift in Sources */,
				31A491D76C596E6E0B4B6E30 /* SummaryView.swift in Sources */,
				8C49D8E8ACE235B552FBAB23 /* TrainingChallenge.swift in Sources */,
				05E9751BFB4F8D8924D1BCF3 /* TrainingPlanView.swift in Sources */,
				3AEFD5E19F28DE9AF225F34C /* WatchConnectivityManager.swift in Sources */,
				BBD408C0FE46E86A1634B244 /* WatchHomeView.swift in Sources */,
				FBF9978DF44F2F341324D64A /* WorkoutHistoryEntry.swift in Sources */,
				D0351D74457D111D2FD929C1 /* WorkoutHistoryService.swift in Sources */,
				1DE819677D7560B8BE803CAB /* WorkoutSessionManager.swift in Sources */,
				515988C37B829EAE6F38104B /* WorkoutTrackingView.swift in Sources */,
			);
			runOnlyForDeploymentPostprocessing = 0;
		};
		3A0B244FBEFBDE3E2A276285 /* Sources */ = {
			isa = PBXSourcesBuildPhase;
			buildActionMask = 2147483647;
			files = (
				8E8B379BFE3D5449EDBFD4DD /* PulseWatchWidget.swift in Sources */,
			);
			runOnlyForDeploymentPostprocessing = 0;
		};
		409722127358C64F482CF291 /* Sources */ = {
			isa = PBXSourcesBuildPhase;
			buildActionMask = 2147483647;
			files = (
				9EE86C13671A2E737AA34A17 /* AppStoreComplianceTests.swift in Sources */,
				CBEDF7FE6DCEE1835700B20F /* DataIntegrityTests.swift in Sources */,
				BC3801713505B06443AE41FD /* HealthAnalyzerTests.swift in Sources */,
				390F844169E6817AB575AA5C /* ModelTests.swift in Sources */,
				071977C65D11E18F97054103 /* PulseThemeTests.swift in Sources */,
				4156359969B97CA85ADC0D70 /* ScoreEngineTests.swift in Sources */,
				FEA1C7D6CB35C0E38BD1D143 /* TrainingChallengeTests.swift in Sources */,
			);
			runOnlyForDeploymentPostprocessing = 0;
		};
		8D970E33F4CFC98C03DE083D /* Sources */ = {
			isa = PBXSourcesBuildPhase;
			buildActionMask = 2147483647;
			files = (
				A848F19B9CF36C91EB57209B /* AchievementService.swift in Sources */,
				40233695BE785984209BA032 /* ActivityDetailView.swift in Sources */,
				45D0A502CB1409C957F97E7B /* Analytics.swift in Sources */,
				E4B70058D5C058C04550B8B4 /* AnomalyTimelineView.swift in Sources */,
				37C0AE89CC67FAE5F629520F /* AppIconView.swift in Sources */,
				D07374AFB9C29A212F4179F7 /* BloodOxygenDetailView.swift in Sources */,
				78C81F66F78D630A6E6326FF /* CaloriesDetailView.swift in Sources */,
				9A78571342D4A74D0743C1D8 /* ChallengeView.swift in Sources */,
				555399B97FDE6333FA131C65 /* CoachModeView.swift in Sources */,
				1CF62B133898CA7A89AB5D59 /* CorrelationInsightsView.swift in Sources */,
				CA23BB7B10F0D18991E30E6F /* CorrelationService.swift in Sources */,
				8D5549A30D2F578A86560129 /* DailySummary.swift in Sources */,
				5DFB4A4238D5002DE2C96573 /* DashboardView.swift in Sources */,
				738D6BA4643363F6E54A5146 /* DataExportService.swift in Sources */,
				0769AFDD1513AF8D8357A85F /* DemoDataProvider.swift in Sources */,
				C8D9CA413D398B7459DB19EF /* EmptyStateView.swift in Sources */,
				58DC0E4B5DB4AEFAC8A50CAB /* GoalProgressCard.swift in Sources */,
				7A86D904A3C0EA6697564ADF /* GoalSettingView.swift in Sources */,
				C8990A8AFC1244F626875120 /* GymArrivalFlowView.swift in Sources */,
				6D78E19149EBA723FFBE2C66 /* GymCoordinator.swift in Sources */,
				DF3945F898AB21F858475D0D /* GymSearchView.swift in Sources */,
				70E336723187F6425DC9A7AC /* HRVDetailView.swift in Sources */,
				DC7641B089DE7AEF4153803F /* HealthAgeDetailView.swift in Sources */,
				DDD48BA6186F2B46986943F5 /* HealthAgeService.swift in Sources */,
				A7E8BDCD7A72838576AEAC31 /* HealthAnalyzer.swift in Sources */,
				C82377FA21A98E19F24317E7 /* HealthDataService.swift in Sources */,
				177D23E79D6117F893D05EA3 /* HealthGoal.swift in Sources */,
				D9C69F3E427376A757BB498D /* HealthKitManager.swift in Sources */,
				CE20B6A05EC107EACC93B1C9 /* HealthKitService.swift in Sources */,
				FA5FEC930F0EF865D6BF4BE7 /* HealthRecord.swift in Sources */,
				25B1A93A2171BA3FB0923D51 /* HealthSnapshot.swift in Sources */,
				2EA155F461D9926359291A30 /* HealthSnapshotShareCard.swift in Sources */,
				49010290BAE8E3A0F4125DCE /* HeartRateAlertEvent.swift in Sources */,
				618BF1DDFDE515DBC9A5BC87 /* HeartRateAlertService.swift in Sources */,
				C26955289DD889E02980CBB2 /* HeartRateDetailView.swift in Sources */,
				3E28450D7E3D6DB335653DB4 /* HistoryView.swift in Sources */,
				A1FDE0A560C4AF84E9451881 /* HomeView.swift in Sources */,
				54A8592294B61933B0B714CA /* InteractiveChartOverlay.swift in Sources */,
				BB53B22404DE95F68119A70D /* KeychainHelper.swift in Sources */,
				DE88A3060BF319B28E9B836E /* LaunchScreenView.swift in Sources */,
				B12CC726298E718F0B1E05E6 /* LocationManager.swift in Sources */,
				B5ED7024F9B238411C09D52F /* ManualWorkoutView.swift in Sources */,
				2B8A928762A7B3451CF9E945 /* MonthlyReportView.swift in Sources */,
				E4DFDB6A61DD1CC08BA47C36 /* MonthlySummaryService.swift in Sources */,
				36478F738E60554AC42348D9 /* MorningBriefService.swift in Sources */,
				5E2D1D244F309858E542176A /* MuscleGroup.swift in Sources */,
				E17462ED0A471091EF10E059 /* MuscleInsightsCard.swift in Sources */,
				8F1F4ECE5CD167F639548EE9 /* NutritionView.swift in Sources */,
				F080EB92336B15BFD06A027C /* OnboardingView.swift in Sources */,
				214BA964157D8EAE4C312067 /* OpenClawBridge.swift in Sources */,
				70C148C93D3F6A174302641C /* PDFReportService.swift in Sources */,
				12558EC881A90A97E59B9616 /* PulseTheme.swift in Sources */,
				0A32C25CCAE11724202F6D11 /* PulseWatchApp.swift in Sources */,
				FD2CAFAC652D279BEA76F3EF /* QRScannerView.swift in Sources */,
				4DCE1C39532A5832858E381C /* ReadinessSparkline.swift in Sources */,
				BD2DF800197AAA403C5EE3DA /* RecoveryTimelineView.swift in Sources */,
				E67D1F3094B4C15C9455AA7E /* ReviewRequestManager.swift in Sources */,
				002A230E4A7CD0D02D998554 /* SafeMath.swift in Sources */,
				4A6365C02853DEA90A19D208 /* ScoreEngine.swift in Sources */,
				023DD41747CDC71643CFDB8F /* SettingsView.swift in Sources */,
				BAC6D54255750F06A13EC211 /* ShareCardView.swift in Sources */,
				B8309BE064408AD0D10AA380 /* SleepBandCard.swift in Sources */,
				D345F9C062304D37747F4365 /* SleepDetailView.swift in Sources */,
				60BACF24F4F514EF36D9C6AB /* StatusCard.swift in Sources */,
				7D2109E93BF9196387C1E451 /* StepsDetailView.swift in Sources */,
				D28393438A06C7D343A78659 /* StrainScoreService.swift in Sources */,
				D0776B758D3ED9D164AB1C78 /* StreakService.swift in Sources */,
				768575509E830D69A51F6CAF /* StrengthRecord.swift in Sources */,
				8A8B8DB4BAE78126B5E8F9AA /* StrengthService.swift in Sources */,
				0FE5F3019B0E17687B33BF9A /* StrengthView.swift in Sources */,
				1C28CB221593681FC95B253A /* StressDetailView.swift in Sources */,
				990538EA67540AF39D2EC5A2 /* SubnetScanner.swift in Sources */,
				E3472A3FA9AE15A8E5F7D667 /* SuggestionCard.swift in Sources */,
				D749651C64A3488B31717FCB /* TrainingCalendarView.swift in Sources */,
				1C8BD31947E7BB68B5F027D7 /* TrainingChallenge.swift in Sources */,
				02E94068995C4273F5D887B4 /* TriScoreService.swift in Sources */,
				16C5EDE82DE8C8BDFC34F23A /* VitalsGrid.swift in Sources */,
				2C424EF36C7A4E94C959B5D6 /* WatchConnectivityManager.swift in Sources */,
				A9714CDFB1468C3DDE53F7F1 /* WeeklyReadinessChart.swift in Sources */,
				3AF9CB80C91C1EFBF44BB697 /* WeeklyReportView.swift in Sources */,
				F1C16D0D9683C154D48CDAE7 /* WeeklySummaryService.swift in Sources */,
				309621033D5F191424F9DBF1 /* WeeklyTrendChartsView.swift in Sources */,
				498127E8B00AEB853D9D0313 /* WorkoutHistoryDetailView.swift in Sources */,
				8D75AAE7500A698E8594A5AC /* WorkoutHistoryEntry.swift in Sources */,
				DC31D0174C58F53029C3A511 /* WorkoutHistoryListView.swift in Sources */,
				31991C37A467B5DDCAAA6B4D /* WorkoutHistoryService.swift in Sources */,
				2D484B63CFD0BF676FC8A8C2 /* WorkoutShareScreen.swift in Sources */,
				E2AE16CA3B2D05EE03747012 /* WorkoutView.swift in Sources */,
			);
			runOnlyForDeploymentPostprocessing = 0;
		};
		A3E80BFBB43CC8DDB23963A4 /* Sources */ = {
			isa = PBXSourcesBuildPhase;
			buildActionMask = 2147483647;
			files = (
				988D28E0DFD943EF8F94D3BF /* ScreenshotGenerator.swift in Sources */,
			);
			runOnlyForDeploymentPostprocessing = 0;
		};
/* End PBXSourcesBuildPhase section */

/* Begin PBXTargetDependency section */
		0AF1136CE72D90DCFB4C6F68 /* PBXTargetDependency */ = {
			isa = PBXTargetDependency;
			target = 81D59EA86D9FFB56DD4730F5 /* PulseWatchWidget */;
			targetProxy = E933AFEC78A6F0F01F94E7CA /* PBXContainerItemProxy */;
		};
		5CD18DEFA280EFE068A9966F /* PBXTargetDependency */ = {
			isa = PBXTargetDependency;
			target = A6A266E3296B3D9A32491DBC /* PulseWatch */;
			targetProxy = E43F9A33AA2821210BA41221 /* PBXContainerItemProxy */;
		};
		7279B3E08272E97D8A3BC972 /* PBXTargetDependency */ = {
			isa = PBXTargetDependency;
			target = 557B90705FD9090E6C1EC01F /* PulseWatchWatchWidgetExtension */;
			targetProxy = 68FD90D855FAA4D625002AD1 /* PBXContainerItemProxy */;
		};
		FF4B75E326AB47AEB4D3D4E2 /* PBXTargetDependency */ = {
			isa = PBXTargetDependency;
			target = A6A266E3296B3D9A32491DBC /* PulseWatch */;
			targetProxy = 0AF22613E38AC1840B6C750E /* PBXContainerItemProxy */;
		};
/* End PBXTargetDependency section */

/* Begin XCBuildConfiguration section */
		1E10E69C729C24A5F6582C31 /* Debug */ = {
			isa = XCBuildConfiguration;
			buildSettings = {
				ASSETCATALOG_COMPILER_APPICON_NAME = AppIcon;
				CODE_SIGN_ENTITLEMENTS = PulseWatch/App/PulseWatch.entitlements;
				CODE_SIGN_IDENTITY = "iPhone Developer";
				INFOPLIST_FILE = PulseWatch/App/Info.plist;
				LD_RUNPATH_SEARCH_PATHS = (
					"$(inherited)",
					"@executable_path/Frameworks",
				);
				PRODUCT_BUNDLE_IDENTIFIER = com.abundra.pulse;
				SDKROOT = iphoneos;
				TARGETED_DEVICE_FAMILY = 1;
				TELEMETRYDECK_APP_ID = "$(TELEMETRYDECK_APP_ID)";
			};
			name = Debug;
		};
		43D912F0A42B8F73280A442D /* Release */ = {
			isa = XCBuildConfiguration;
			buildSettings = {
				BUNDLE_LOADER = "$(TEST_HOST)";
				CURRENT_PROJECT_VERSION = 202604231403;
				INFOPLIST_FILE = PulseWatchUITests/Info.plist;
				LD_RUNPATH_SEARCH_PATHS = (
					"$(inherited)",
					"@executable_path/Frameworks",
					"@loader_path/Frameworks",
				);
				MARKETING_VERSION = 1.0.0;
				PRODUCT_BUNDLE_IDENTIFIER = com.abundra.pulse.uitests;
				SDKROOT = iphoneos;
				TARGETED_DEVICE_FAMILY = 1;
				TEST_TARGET_NAME = PulseWatch;
			};
			name = Release;
		};
		6648C1A8A51AE3DADEA2C1C1 /* Debug */ = {
			isa = XCBuildConfiguration;
			buildSettings = {
				BUNDLE_LOADER = "$(TEST_HOST)";
				CURRENT_PROJECT_VERSION = 202604231403;
				INFOPLIST_FILE = PulseWatchUITests/Info.plist;
				LD_RUNPATH_SEARCH_PATHS = (
					"$(inherited)",
					"@executable_path/Frameworks",
					"@loader_path/Frameworks",
				);
				MARKETING_VERSION = 1.0.0;
				PRODUCT_BUNDLE_IDENTIFIER = com.abundra.pulse.uitests;
				SDKROOT = iphoneos;
				TARGETED_DEVICE_FAMILY = 1;
				TEST_TARGET_NAME = PulseWatch;
			};
			name = Debug;
		};
		7D4DA84D116DDF10EE952E0A /* Release */ = {
			isa = XCBuildConfiguration;
			buildSettings = {
				ASSETCATALOG_COMPILER_APPICON_NAME = AppIcon;
				CODE_SIGN_ENTITLEMENTS = PulseWatchWatch/App/PulseWatchWatch.entitlements;
				INFOPLIST_FILE = PulseWatchWatch/App/Info.plist;
				PRODUCT_BUNDLE_IDENTIFIER = com.abundra.pulse.watchkitapp;
				SDKROOT = watchos;
				SKIP_INSTALL = YES;
				TARGETED_DEVICE_FAMILY = 4;
				WATCHOS_DEPLOYMENT_TARGET = 10.0;
			};
			name = Release;
		};
		9DDC7FE625360FB5E5BEBA3D /* Debug */ = {
			isa = XCBuildConfiguration;
			buildSettings = {
				CODE_SIGN_ENTITLEMENTS = PulseWatchWatch/Complications/PulseWatchWatchWidgetExtension.entitlements;
				CURRENT_PROJECT_VERSION = 202604231403;
				FRAMEWORK_SEARCH_PATHS = (
					"$(inherited)",
					"\".\"",
				);
				INFOPLIST_FILE = PulseWatchWatch/Complications/Info.plist;
				LD_RUNPATH_SEARCH_PATHS = (
					"$(inherited)",
					"@executable_path/Frameworks",
					"@executable_path/../../Frameworks",
				);
				MARKETING_VERSION = 1.0.0;
				PRODUCT_BUNDLE_IDENTIFIER = com.abundra.pulse.watchkitapp.widget;
				SDKROOT = watchos;
				SKIP_INSTALL = YES;
				TARGETED_DEVICE_FAMILY = 4;
				WATCHOS_DEPLOYMENT_TARGET = 10.0;
			};
			name = Debug;
		};
		A23E5AAFF27E735D549F1F28 /* Release */ = {
			isa = XCBuildConfiguration;
			buildSettings = {
				ASSETCATALOG_COMPILER_APPICON_NAME = AppIcon;
				CODE_SIGN_ENTITLEMENTS = PulseWatch/App/PulseWatch.entitlements;
				CODE_SIGN_IDENTITY = "iPhone Developer";
				INFOPLIST_FILE = PulseWatch/App/Info.plist;
				LD_RUNPATH_SEARCH_PATHS = (
					"$(inherited)",
					"@executable_path/Frameworks",
				);
				PRODUCT_BUNDLE_IDENTIFIER = com.abundra.pulse;
				SDKROOT = iphoneos;
				TARGETED_DEVICE_FAMILY = 1;
				TELEMETRYDECK_APP_ID = "B5A8E4A0-1F2C-4D3E-9A7B-6C8D0E2F1A3B";
			};
			name = Release;
		};
		A32A3B74E1D36FCD9A908A7C /* Release */ = {
			isa = XCBuildConfiguration;
			buildSettings = {
				CODE_SIGN_ENTITLEMENTS = PulseWatchWidget/PulseWatchWidget.entitlements;
				CURRENT_PROJECT_VERSION = 202604231403;
				GENERATE_INFOPLIST_FILE = NO;
				INFOPLIST_FILE = PulseWatchWidget/Info.plist;
				LD_RUNPATH_SEARCH_PATHS = (
					"$(inherited)",
					"@executable_path/Frameworks",
					"@executable_path/../../Frameworks",
				);
				MARKETING_VERSION = 1.0.0;
				PRODUCT_BUNDLE_IDENTIFIER = com.abundra.pulse.widget;
				SDKROOT = iphoneos;
				TARGETED_DEVICE_FAMILY = 1;
			};
			name = Release;
		};
		AD671FA05E521A3DE5CCBAF4 /* Release */ = {
			isa = XCBuildConfiguration;
			buildSettings = {
				BUNDLE_LOADER = "$(TEST_HOST)";
				CURRENT_PROJECT_VERSION = 202604231403;
				INFOPLIST_FILE = PulseWatchTests/Info.plist;
				LD_RUNPATH_SEARCH_PATHS = (
					"$(inherited)",
					"@executable_path/Frameworks",
					"@loader_path/Frameworks",
				);
				MARKETING_VERSION = 1.0.0;
				PRODUCT_BUNDLE_IDENTIFIER = com.abundra.pulse.tests;
				SDKROOT = iphoneos;
				TARGETED_DEVICE_FAMILY = 1;
				TEST_HOST = "$(BUILT_PRODUCTS_DIR)/PulseWatch.app/PulseWatch";
			};
			name = Release;
		};
		AD8F39645E5BF848EF03857C /* Debug */ = {
			isa = XCBuildConfiguration;
			buildSettings = {
				BUNDLE_LOADER = "$(TEST_HOST)";
				CURRENT_PROJECT_VERSION = 202604231403;
				INFOPLIST_FILE = PulseWatchTests/Info.plist;
				LD_RUNPATH_SEARCH_PATHS = (
					"$(inherited)",
					"@executable_path/Frameworks",
					"@loader_path/Frameworks",
				);
				MARKETING_VERSION = 1.0.0;
				PRODUCT_BUNDLE_IDENTIFIER = com.abundra.pulse.tests;
				SDKROOT = iphoneos;
				TARGETED_DEVICE_FAMILY = 1;
				TEST_HOST = "$(BUILT_PRODUCTS_DIR)/PulseWatch.app/PulseWatch";
			};
			name = Debug;
		};
		B0785A04A954DE30ED0D3649 /* Release */ = {
			isa = XCBuildConfiguration;
			buildSettings = {
				ALWAYS_SEARCH_USER_PATHS = NO;
				CLANG_ANALYZER_NONNULL = YES;
				CLANG_ANALYZER_NUMBER_OBJECT_CONVERSION = YES_AGGRESSIVE;
				CLANG_CXX_LANGUAGE_STANDARD = "gnu++14";
				CLANG_CXX_LIBRARY = "libc++";
				CLANG_ENABLE_MODULES = YES;
				CLANG_ENABLE_OBJC_ARC = YES;
				CLANG_ENABLE_OBJC_WEAK = YES;
				CLANG_WARN_BLOCK_CAPTURE_AUTORELEASING = YES;
				CLANG_WARN_BOOL_CONVERSION = YES;
				CLANG_WARN_COMMA = YES;
				CLANG_WARN_CONSTANT_CONVERSION = YES;
				CLANG_WARN_DEPRECATED_OBJC_IMPLEMENTATIONS = YES;
				CLANG_WARN_DIRECT_OBJC_ISA_USAGE = YES_ERROR;
				CLANG_WARN_DOCUMENTATION_COMMENTS = YES;
				CLANG_WARN_EMPTY_BODY = YES;
				CLANG_WARN_ENUM_CONVERSION = YES;
				CLANG_WARN_INFINITE_RECURSION = YES;
				CLANG_WARN_INT_CONVERSION = YES;
				CLANG_WARN_NON_LITERAL_NULL_CONVERSION = YES;
				CLANG_WARN_OBJC_IMPLICIT_RETAIN_SELF = YES;
				CLANG_WARN_OBJC_LITERAL_CONVERSION = YES;
				CLANG_WARN_OBJC_ROOT_CLASS = YES_ERROR;
				CLANG_WARN_QUOTED_INCLUDE_IN_FRAMEWORK_HEADER = YES;
				CLANG_WARN_RANGE_LOOP_ANALYSIS = YES;
				CLANG_WARN_STRICT_PROTOTYPES = YES;
				CLANG_WARN_SUSPICIOUS_MOVE = YES;
				CLANG_WARN_UNGUARDED_AVAILABILITY = YES_AGGRESSIVE;
				CLANG_WARN_UNREACHABLE_CODE = YES;
				CLANG_WARN__DUPLICATE_METHOD_MATCH = YES;
				CODE_SIGN_STYLE = Automatic;
				COPY_PHASE_STRIP = NO;
				CURRENT_PROJECT_VERSION = 202604231403;
				DEBUG_INFORMATION_FORMAT = "dwarf-with-dsym";
				DEVELOPMENT_TEAM = AV25N53237;
				ENABLE_NS_ASSERTIONS = NO;
				ENABLE_STRICT_OBJC_MSGSEND = YES;
				GCC_C_LANGUAGE_STANDARD = gnu11;
				GCC_NO_COMMON_BLOCKS = YES;
				GCC_WARN_64_TO_32_BIT_CONVERSION = YES;
				GCC_WARN_ABOUT_RETURN_TYPE = YES_ERROR;
				GCC_WARN_UNDECLARED_SELECTOR = YES;
				GCC_WARN_UNINITIALIZED_AUTOS = YES_AGGRESSIVE;
				GCC_WARN_UNUSED_FUNCTION = YES;
				GCC_WARN_UNUSED_VARIABLE = YES;
				IPHONEOS_DEPLOYMENT_TARGET = 17.0;
				MARKETING_VERSION = 1.0.0;
				MTL_ENABLE_DEBUG_INFO = NO;
				MTL_FAST_MATH = YES;
				PRODUCT_NAME = "$(TARGET_NAME)";
				SWIFT_COMPILATION_MODE = wholemodule;
				SWIFT_OPTIMIZATION_LEVEL = "-O";
				SWIFT_VERSION = 5.9;
				WATCHOS_DEPLOYMENT_TARGET = 10.0;
			};
			name = Release;
		};
		BF43ED5FA11B1DA0BAB8F3FC /* Debug */ = {
			isa = XCBuildConfiguration;
			buildSettings = {
				ALWAYS_SEARCH_USER_PATHS = NO;
				CLANG_ANALYZER_NONNULL = YES;
				CLANG_ANALYZER_NUMBER_OBJECT_CONVERSION = YES_AGGRESSIVE;
				CLANG_CXX_LANGUAGE_STANDARD = "gnu++14";
				CLANG_CXX_LIBRARY = "libc++";
				CLANG_ENABLE_MODULES = YES;
				CLANG_ENABLE_OBJC_ARC = YES;
				CLANG_ENABLE_OBJC_WEAK = YES;
				CLANG_WARN_BLOCK_CAPTURE_AUTORELEASING = YES;
				CLANG_WARN_BOOL_CONVERSION = YES;
				CLANG_WARN_COMMA = YES;
				CLANG_WARN_CONSTANT_CONVERSION = YES;
				CLANG_WARN_DEPRECATED_OBJC_IMPLEMENTATIONS = YES;
				CLANG_WARN_DIRECT_OBJC_ISA_USAGE = YES_ERROR;
				CLANG_WARN_DOCUMENTATION_COMMENTS = YES;
				CLANG_WARN_EMPTY_BODY = YES;
				CLANG_WARN_ENUM_CONVERSION = YES;
				CLANG_WARN_INFINITE_RECURSION = YES;
				CLANG_WARN_INT_CONVERSION = YES;
				CLANG_WARN_NON_LITERAL_NULL_CONVERSION = YES;
				CLANG_WARN_OBJC_IMPLICIT_RETAIN_SELF = YES;
				CLANG_WARN_OBJC_LITERAL_CONVERSION = YES;
				CLANG_WARN_OBJC_ROOT_CLASS = YES_ERROR;
				CLANG_WARN_QUOTED_INCLUDE_IN_FRAMEWORK_HEADER = YES;
				CLANG_WARN_RANGE_LOOP_ANALYSIS = YES;
				CLANG_WARN_STRICT_PROTOTYPES = YES;
				CLANG_WARN_SUSPICIOUS_MOVE = YES;
				CLANG_WARN_UNGUARDED_AVAILABILITY = YES_AGGRESSIVE;
				CLANG_WARN_UNREACHABLE_CODE = YES;
				CLANG_WARN__DUPLICATE_METHOD_MATCH = YES;
				CODE_SIGN_STYLE = Automatic;
				COPY_PHASE_STRIP = NO;
				CURRENT_PROJECT_VERSION = 202604231403;
				DEBUG_INFORMATION_FORMAT = dwarf;
				DEVELOPMENT_TEAM = AV25N53237;
				ENABLE_STRICT_OBJC_MSGSEND = YES;
				ENABLE_TESTABILITY = YES;
				GCC_C_LANGUAGE_STANDARD = gnu11;
				GCC_DYNAMIC_NO_PIC = NO;
				GCC_NO_COMMON_BLOCKS = YES;
				GCC_OPTIMIZATION_LEVEL = 0;
				GCC_PREPROCESSOR_DEFINITIONS = (
					"$(inherited)",
					"DEBUG=1",
				);
				GCC_WARN_64_TO_32_BIT_CONVERSION = YES;
				GCC_WARN_ABOUT_RETURN_TYPE = YES_ERROR;
				GCC_WARN_UNDECLARED_SELECTOR = YES;
				GCC_WARN_UNINITIALIZED_AUTOS = YES_AGGRESSIVE;
				GCC_WARN_UNUSED_FUNCTION = YES;
				GCC_WARN_UNUSED_VARIABLE = YES;
				IPHONEOS_DEPLOYMENT_TARGET = 17.0;
				MARKETING_VERSION = 1.0.0;
				MTL_ENABLE_DEBUG_INFO = INCLUDE_SOURCE;
				MTL_FAST_MATH = YES;
				ONLY_ACTIVE_ARCH = YES;
				PRODUCT_NAME = "$(TARGET_NAME)";
				SWIFT_ACTIVE_COMPILATION_CONDITIONS = DEBUG;
				SWIFT_OPTIMIZATION_LEVEL = "-Onone";
				SWIFT_VERSION = 5.9;
				WATCHOS_DEPLOYMENT_TARGET = 10.0;
			};
			name = Debug;
		};
		DCE9EEFC00CDFFBE0B889BAE /* Debug */ = {
			isa = XCBuildConfiguration;
			buildSettings = {
				ASSETCATALOG_COMPILER_APPICON_NAME = AppIcon;
				CODE_SIGN_ENTITLEMENTS = PulseWatchWatch/App/PulseWatchWatch.entitlements;
				INFOPLIST_FILE = PulseWatchWatch/App/Info.plist;
				PRODUCT_BUNDLE_IDENTIFIER = com.abundra.pulse.watchkitapp;
				SDKROOT = watchos;
				SKIP_INSTALL = YES;
				TARGETED_DEVICE_FAMILY = 4;
				WATCHOS_DEPLOYMENT_TARGET = 10.0;
			};
			name = Debug;
		};
		F03C54B92DD43A4B6B426030 /* Debug */ = {
			isa = XCBuildConfiguration;
			buildSettings = {
				CODE_SIGN_ENTITLEMENTS = PulseWatchWidget/PulseWatchWidget.entitlements;
				CURRENT_PROJECT_VERSION = 202604231403;
				GENERATE_INFOPLIST_FILE = NO;
				INFOPLIST_FILE = PulseWatchWidget/Info.plist;
				LD_RUNPATH_SEARCH_PATHS = (
					"$(inherited)",
					"@executable_path/Frameworks",
					"@executable_path/../../Frameworks",
				);
				MARKETING_VERSION = 1.0.0;
				PRODUCT_BUNDLE_IDENTIFIER = com.abundra.pulse.widget;
				SDKROOT = iphoneos;
				TARGETED_DEVICE_FAMILY = 1;
			};
			name = Debug;
		};
		FE75222A5DF296F2AE5277FF /* Release */ = {
			isa = XCBuildConfiguration;
			buildSettings = {
				CODE_SIGN_ENTITLEMENTS = PulseWatchWatch/Complications/PulseWatchWatchWidgetExtension.entitlements;
				CURRENT_PROJECT_VERSION = 202604231403;
				FRAMEWORK_SEARCH_PATHS = (
					"$(inherited)",
					"\".\"",
				);
				INFOPLIST_FILE = PulseWatchWatch/Complications/Info.plist;
				LD_RUNPATH_SEARCH_PATHS = (
					"$(inherited)",
					"@executable_path/Frameworks",
					"@executable_path/../../Frameworks",
				);
				MARKETING_VERSION = 1.0.0;
				PRODUCT_BUNDLE_IDENTIFIER = com.abundra.pulse.watchkitapp.widget;
				SDKROOT = watchos;
				SKIP_INSTALL = YES;
				TARGETED_DEVICE_FAMILY = 4;
				WATCHOS_DEPLOYMENT_TARGET = 10.0;
			};
			name = Release;
		};
/* End XCBuildConfiguration section */

/* Begin XCConfigurationList section */
		07AAB60E9708A131C3EC7116 /* Build configuration list for PBXNativeTarget "PulseWatchTests" */ = {
			isa = XCConfigurationList;
			buildConfigurations = (
				AD8F39645E5BF848EF03857C /* Debug */,
				AD671FA05E521A3DE5CCBAF4 /* Release */,
			);
			defaultConfigurationIsVisible = 0;
			defaultConfigurationName = Debug;
		};
		2FD069D127979157C27EAD0D /* Build configuration list for PBXNativeTarget "PulseWatch" */ = {
			isa = XCConfigurationList;
			buildConfigurations = (
				1E10E69C729C24A5F6582C31 /* Debug */,
				A23E5AAFF27E735D549F1F28 /* Release */,
			);
			defaultConfigurationIsVisible = 0;
			defaultConfigurationName = Debug;
		};
		3143869FDBA38598995681C6 /* Build configuration list for PBXNativeTarget "PulseWatchWatch" */ = {
			isa = XCConfigurationList;
			buildConfigurations = (
				DCE9EEFC00CDFFBE0B889BAE /* Debug */,
				7D4DA84D116DDF10EE952E0A /* Release */,
			);
			defaultConfigurationIsVisible = 0;
			defaultConfigurationName = Debug;
		};
		4F35DE69148D8EF8DC194ABD /* Build configuration list for PBXNativeTarget "PulseWatchUITests" */ = {
			isa = XCConfigurationList;
			buildConfigurations = (
				6648C1A8A51AE3DADEA2C1C1 /* Debug */,
				43D912F0A42B8F73280A442D /* Release */,
			);
			defaultConfigurationIsVisible = 0;
			defaultConfigurationName = Debug;
		};
		638C6D3662979EA449E17533 /* Build configuration list for PBXProject "PulseWatch" */ = {
			isa = XCConfigurationList;
			buildConfigurations = (
				BF43ED5FA11B1DA0BAB8F3FC /* Debug */,
				B0785A04A954DE30ED0D3649 /* Release */,
			);
			defaultConfigurationIsVisible = 0;
			defaultConfigurationName = Debug;
		};
		773863CCBC124F14F671F3C0 /* Build configuration list for PBXNativeTarget "PulseWatchWidget" */ = {
			isa = XCConfigurationList;
			buildConfigurations = (
				F03C54B92DD43A4B6B426030 /* Debug */,
				A32A3B74E1D36FCD9A908A7C /* Release */,
			);
			defaultConfigurationIsVisible = 0;
			defaultConfigurationName = Debug;
		};
		82ED1D5EC8BBD6D9B501D43F /* Build configuration list for PBXNativeTarget "PulseWatchWatchWidgetExtension" */ = {
			isa = XCConfigurationList;
			buildConfigurations = (
				9DDC7FE625360FB5E5BEBA3D /* Debug */,
				FE75222A5DF296F2AE5277FF /* Release */,
			);
			defaultConfigurationIsVisible = 0;
			defaultConfigurationName = Debug;
		};
/* End XCConfigurationList section */

/* Begin XCRemoteSwiftPackageReference section */
		B9CC0511D2CB99D1F79CE730 /* XCRemoteSwiftPackageReference "SwiftSDK" */ = {
			isa = XCRemoteSwiftPackageReference;
			repositoryURL = "https://github.com/TelemetryDeck/SwiftSDK";
			requirement = {
				kind = upToNextMajorVersion;
				minimumVersion = 2.0.0;
			};
		};
/* End XCRemoteSwiftPackageReference section */

/* Begin XCSwiftPackageProductDependency section */
		2F9F3B85A84BD2312D7CCAE6 /* TelemetryDeck */ = {
			isa = XCSwiftPackageProductDependency;
			package = B9CC0511D2CB99D1F79CE730 /* XCRemoteSwiftPackageReference "SwiftSDK" */;
			productName = TelemetryDeck;
		};
		BDFD603A72EC31CEE1FA50F0 /* TelemetryDeck */ = {
			isa = XCSwiftPackageProductDependency;
			package = B9CC0511D2CB99D1F79CE730 /* XCRemoteSwiftPackageReference "SwiftSDK" */;
			productName = TelemetryDeck;
		};
/* End XCSwiftPackageProductDependency section */
	};
	rootObject = A8805EC5A1B79312458C27F2 /* Project object */;
}
